<?xml version="1.0" encoding="utf-8"?>
<Project ToolsVersion="4.0" xmlns="http://schemas.microsoft.com/developer/msbuild/2003">
  <ItemGroup>
    <Filter Include="Source Files">
      <UniqueIdentifier>{4FC737F1-C7A5-4376-A066-2A32D752A2FF}</UniqueIdentifier>
      <Extensions>cpp;c;cc;cxx;def;odl;idl;hpj;bat;asm;asmx</Extensions>
    </Filter>
    <Filter Include="Header Files">
      <UniqueIdentifier>{93995380-89BD-4b04-88EB-625FBE52EBFB}</UniqueIdentifier>
      <Extensions>h;hh;hpp;hxx;hm;inl;inc;ipp;xsd</Extensions>
    </Filter>
    <Filter Include="Resource Files">
      <UniqueIdentifier>{67DA6AB6-F800-4c08-8B7A-83BB121AAD01}</UniqueIdentifier>
      <Extensions>rc;ico;cur;bmp;dlg;rc2;rct;bin;rgs;gif;jpg;jpeg;jpe;resx;tiff;tif;png;wav;mfcribbon-ms</Extensions>
    </Filter>
  </ItemGroup>
  <ItemGroup>
    <ClCompile Include="main.cpp">
      <Filter>Source Files</Filter>
    </ClCompile>
    <ClCompile Include="formstub.cpp">
      <Filter>Source Files</Filter>
    </ClCompile>
    <ClCompile Include="esp\TESPlugin.cpp">
      <Filter>Source Files</Filter>
    </ClCompile>
    <ClCompile Include="forms\types.cpp">
      <Filter>Source Files</Filter>
    </ClCompile>
    <ClCompile Include="output.cpp">
      <Filter>Source Files</Filter>
    </ClCompile>
    <ClCompile Include="forms\papyrus.cpp">
      <Filter>Source Files</Filter>
    </ClCompile>
    <ClCompile Include="helpers\memory.cpp">
      <Filter>Source Files</Filter>
    </ClCompile>
    <ClCompile Include="helpers\strings.cpp">
      <Filter>Source Files</Filter>
    </ClCompile>
    <ClCompile Include="helpers\files.cpp">
      <Filter>Source Files</Filter>
    </ClCompile>
    <ClCompile Include="helpers\wavl_tree.cpp">
      <Filter>Source Files</Filter>
    </ClCompile>
    <ClCompile Include="forms\loaded\Quest.cpp">
      <Filter>Source Files</Filter>
    </ClCompile>
    <ClCompile Include="forms\loaded\ActorBase.cpp">
      <Filter>Source Files</Filter>
    </ClCompile>
    <ClCompile Include="esp\LoadOrder.cpp">
      <Filter>Source Files</Filter>
    </ClCompile>
    <ClCompile Include="esp\TESPluginHeader.cpp">
      <Filter>Source Files</Filter>
    </ClCompile>
    <ClCompile Include="forms\conditions.cpp">
      <Filter>Source Files</Filter>
    </ClCompile>
    <ClCompile Include="forms\conditions\arg_types.cpp">
      <Filter>Source Files</Filter>
    </ClCompile>
    <ClCompile Include="forms\factories\use_info.cpp">
      <Filter>Source Files</Filter>
    </ClCompile>
    <ClCompile Include="forms\loaded\Form.cpp">
      <Filter>Source Files</Filter>
    </ClCompile>
    <ClCompile Include="forms\loaded\TopicInfo.cpp">
      <Filter>Source Files</Filter>
    </ClCompile>
    <ClCompile Include="forms\loaded\ObjectReference.cpp">
      <Filter>Source Files</Filter>
    </ClCompile>
    <ClCompile Include="forms\loaded\FormList.cpp">
      <Filter>Source Files</Filter>
    </ClCompile>
    <ClCompile Include="forms\factories\construct.cpp">
      <Filter>Source Files</Filter>
    </ClCompile>
    <ClCompile Include="forms\loaded\Voicetype.cpp">
      <Filter>Source Files</Filter>
    </ClCompile>
    <ClCompile Include="forms\container.cpp">
      <Filter>Source Files</Filter>
    </ClCompile>
    <ClCompile Include="forms\loaded\MagicEffect.cpp">
      <Filter>Source Files</Filter>
    </ClCompile>
    <ClCompile Include="forms\loaded\Container.cpp">
      <Filter>Source Files</Filter>
    </ClCompile>
    <ClCompile Include="forms\model.cpp">
      <Filter>Source Files</Filter>
    </ClCompile>
    <ClCompile Include="helpers\multiheap.cpp">
      <Filter>Source Files</Filter>
    </ClCompile>
    <ClCompile Include="forms\loaded\Activator.cpp">
      <Filter>Source Files</Filter>
    </ClCompile>
    <ClCompile Include="forms\loaded\Shout.cpp">
      <Filter>Source Files</Filter>
    </ClCompile>
    <ClCompile Include="forms\loaded\Location.cpp">
      <Filter>Source Files</Filter>
    </ClCompile>
    <ClCompile Include="esp\TESPluginSaver.cpp">
      <Filter>Source Files</Filter>
    </ClCompile>
    <ClCompile Include="esp\factories\hardcoded_forms.cpp">
      <Filter>Source Files</Filter>
    </ClCompile>
  </ItemGroup>
  <ItemGroup>
    <ClInclude Include="formstub.h">
      <Filter>Header Files</Filter>
    </ClInclude>
    <ClInclude Include="esp\TESPlugin.h">
      <Filter>Header Files</Filter>
    </ClInclude>
    <ClInclude Include="forms\types.h">
      <Filter>Header Files</Filter>
    </ClInclude>
    <ClInclude Include="output.h">
      <Filter>Header Files</Filter>
    </ClInclude>
    <ClInclude Include="forms\components.h">
      <Filter>Header Files</Filter>
    </ClInclude>
    <ClInclude Include="forms\papyrus.h">
      <Filter>Header Files</Filter>
    </ClInclude>
    <ClInclude Include="helpers\bitset.h">
      <Filter>Header Files</Filter>
    </ClInclude>
    <ClInclude Include="forms\conditions.h">
      <Filter>Header Files</Filter>
    </ClInclude>
    <ClInclude Include="helpers\miscellaneous.h">
      <Filter>Header Files</Filter>
    </ClInclude>
    <ClInclude Include="helpers\memory.h">
      <Filter>Header Files</Filter>
    </ClInclude>
    <ClInclude Include="helpers\strings.h">
      <Filter>Header Files</Filter>
    </ClInclude>
    <ClInclude Include="helpers\locks.h">
      <Filter>Header Files</Filter>
    </ClInclude>
    <ClInclude Include="helpers\intrusive_windows_defines.h">
      <Filter>Header Files</Filter>
    </ClInclude>
    <ClInclude Include="esp\base.h">
      <Filter>Header Files</Filter>
    </ClInclude>
    <ClInclude Include="helpers\files.h">
      <Filter>Header Files</Filter>
    </ClInclude>
    <ClInclude Include="helpers\wavl_tree.h">
      <Filter>Header Files</Filter>
    </ClInclude>
    <ClInclude Include="forms\loaded\Quest.h">
      <Filter>Header Files</Filter>
    </ClInclude>
    <ClInclude Include="forms\loaded\Form.h">
      <Filter>Header Files</Filter>
    </ClInclude>
    <ClInclude Include="forms\loaded\ActorBase.h">
      <Filter>Header Files</Filter>
    </ClInclude>
    <ClInclude Include="esp\LoadOrder.h">
      <Filter>Header Files</Filter>
    </ClInclude>
    <ClInclude Include="esp\TESPluginHeader.h">
      <Filter>Header Files</Filter>
    </ClInclude>
    <ClInclude Include="forms\conditions\arg_types.h">
      <Filter>Header Files</Filter>
    </ClInclude>
    <ClInclude Include="helpers\scoped_enum.h">
      <Filter>Header Files</Filter>
    </ClInclude>
    <ClInclude Include="helpers\int_wrapper.h">
      <Filter>Header Files</Filter>
    </ClInclude>
    <ClInclude Include="forms\conditions\return_values.h">
      <Filter>Header Files</Filter>
    </ClInclude>
    <ClInclude Include="forms\factories\use_info.h">
      <Filter>Header Files</Filter>
    </ClInclude>
    <ClInclude Include="forms\loaded\TopicInfo.h">
      <Filter>Header Files</Filter>
    </ClInclude>
    <ClInclude Include="forms\loaded\ObjectReference.h">
      <Filter>Header Files</Filter>
    </ClInclude>
    <ClInclude Include="forms\loaded\FormList.h">
      <Filter>Header Files</Filter>
    </ClInclude>
    <ClInclude Include="forms\factories\construct.h">
      <Filter>Header Files</Filter>
    </ClInclude>
    <ClInclude Include="forms\loaded\Voicetype.h">
      <Filter>Header Files</Filter>
    </ClInclude>
    <ClInclude Include="forms\container.h">
      <Filter>Header Files</Filter>
    </ClInclude>
    <ClInclude Include="forms\loaded\MagicEffect.h">
      <Filter>Header Files</Filter>
    </ClInclude>
    <ClInclude Include="forms\loaded\Container.h">
      <Filter>Header Files</Filter>
    </ClInclude>
    <ClInclude Include="forms\model.h">
      <Filter>Header Files</Filter>
    </ClInclude>
    <ClInclude Include="helpers\multiheap.h">
      <Filter>Header Files</Filter>
    </ClInclude>
    <ClInclude Include="formstub_maps.h">
      <Filter>Header Files</Filter>
    </ClInclude>
    <ClInclude Include="forms\loaded\Activator.h">
      <Filter>Header Files</Filter>
    </ClInclude>
    <ClInclude Include="forms\loaded\Shout.h">
      <Filter>Header Files</Filter>
    </ClInclude>
    <ClInclude Include="forms\loaded\Location.h">
      <Filter>Header Files</Filter>
    </ClInclude>
    <ClInclude Include="esp\TESPluginSaver.h">
      <Filter>Header Files</Filter>
    </ClInclude>
    <ClInclude Include="esp\factories\hardcoded_forms.h">
      <Filter>Header Files</Filter>
    </ClInclude>
  </ItemGroup>
  <ItemGroup>
    <Text Include="notes\scoped enums.txt" />
  </ItemGroup>
  <ItemGroup>
    <None Include="cpp.hint" />
  </ItemGroup>
</Project>