<?xml version="1.0" encoding="utf-8"?>
<Project ToolsVersion="4.0" xmlns="http://schemas.microsoft.com/developer/msbuild/2003">
  <ItemGroup>
    <Filter Include="Source Files">
      <UniqueIdentifier>{4FC737F1-C7A5-4376-A066-2A32D752A2FF}</UniqueIdentifier>
      <Extensions>cpp;c;cc;cxx;def;odl;idl;hpj;bat;asm;asmx</Extensions>
    </Filter>
    <Filter Include="Header Files">
      <UniqueIdentifier>{93995380-89BD-4b04-88EB-625FBE52EBFB}</UniqueIdentifier>
      <Extensions>h;hh;hpp;hxx;hm;inl;inc;xsd</Extensions>
    </Filter>
    <Filter Include="Resource Files">
      <UniqueIdentifier>{67DA6AB6-F800-4c08-8B7A-83BB121AAD01}</UniqueIdentifier>
      <Extensions>rc;ico;cur;bmp;dlg;rc2;rct;bin;rgs;gif;jpg;jpeg;jpe;resx;tiff;tif;png;wav;mfcribbon-ms</Extensions>
    </Filter>
    <Filter Include="Form Files">
      <UniqueIdentifier>{99349809-55BA-4b9d-BF79-8FDBB0286EB3}</UniqueIdentifier>
      <Extensions>ui</Extensions>
    </Filter>
    <Filter Include="Resource Files">
      <UniqueIdentifier>{D9D6E242-F8AF-46E4-B9FD-80ECBC20BA3E}</UniqueIdentifier>
      <Extensions>qrc;*</Extensions>
      <ParseFiles>false</ParseFiles>
    </Filter>
  </ItemGroup>
  <ItemGroup>
    <ClCompile Include="main.cpp">
      <Filter>Source Files</Filter>
    </ClCompile>
    <ClCompile Include="helpers\files.cpp">
      <Filter>Source Files</Filter>
    </ClCompile>
    <ClCompile Include="helpers\ini.cpp">
      <Filter>Source Files</Filter>
    </ClCompile>
    <ClCompile Include="helpers\memory.cpp">
      <Filter>Source Files</Filter>
    </ClCompile>
    <ClCompile Include="ui\main_window.cpp">
      <Filter>Source Files</Filter>
    </ClCompile>
    <ClCompile Include="dovah\files\file_read_error.cpp">
      <Filter>Source Files</Filter>
    </ClCompile>
    <ClCompile Include="dovah\logging.cpp">
      <Filter>Source Files</Filter>
    </ClCompile>
    <ClCompile Include="dovah\files\file_header.cpp">
      <Filter>Source Files</Filter>
    </ClCompile>
    <ClCompile Include="dovah\files\tes_file_reading\elements.cpp">
      <Filter>Source Files</Filter>
    </ClCompile>
    <ClCompile Include="helpers\strings.cpp">
      <Filter>Source Files</Filter>
    </ClCompile>
    <ClCompile Include="dovah\files\tes_file_reading\basic_reader.cpp">
      <Filter>Source Files</Filter>
    </ClCompile>
    <ClCompile Include="dovah\files\tes_file_reading\threads.cpp">
      <Filter>Source Files</Filter>
    </ClCompile>
    <ClCompile Include="dovah\files\tes_file_reading\file.cpp">
      <Filter>Source Files</Filter>
    </ClCompile>
    <ClCompile Include="dovah\core.cpp">
      <Filter>Source Files</Filter>
    </ClCompile>
    <ClCompile Include="dovah\form_stub.cpp">
      <Filter>Source Files</Filter>
    </ClCompile>
    <ClCompile Include="helpers\multiheap.cpp">
      <Filter>Source Files</Filter>
    </ClCompile>
    <ClCompile Include="dovah\files\file_load_order.cpp">
      <Filter>Source Files</Filter>
    </ClCompile>
    <ClCompile Include="dovah\files\file_load_order_normalizer.cpp">
      <Filter>Source Files</Filter>
    </ClCompile>
    <ClCompile Include="dovah\forms\form.cpp">
      <Filter>Source Files</Filter>
    </ClCompile>
    <ClCompile Include="dovah\forms\factories\construct.cpp">
      <Filter>Source Files</Filter>
    </ClCompile>
    <ClCompile Include="dovah\forms\Activator.cpp">
      <Filter>Source Files</Filter>
    </ClCompile>
    <ClCompile Include="dovah\forms\ActorBase.cpp">
      <Filter>Source Files</Filter>
    </ClCompile>
    <ClCompile Include="dovah\forms\Container.cpp">
      <Filter>Source Files</Filter>
    </ClCompile>
    <ClCompile Include="dovah\forms\FormList.cpp">
      <Filter>Source Files</Filter>
    </ClCompile>
    <ClCompile Include="dovah\forms\Location.cpp">
      <Filter>Source Files</Filter>
    </ClCompile>
    <ClCompile Include="dovah\forms\MagicEffect.cpp">
      <Filter>Source Files</Filter>
    </ClCompile>
    <ClCompile Include="dovah\forms\ObjectReference.cpp">
      <Filter>Source Files</Filter>
    </ClCompile>
    <ClCompile Include="dovah\forms\Quest.cpp">
      <Filter>Source Files</Filter>
    </ClCompile>
    <ClCompile Include="dovah\forms\Shout.cpp">
      <Filter>Source Files</Filter>
    </ClCompile>
    <ClCompile Include="dovah\forms\TopicInfo.cpp">
      <Filter>Source Files</Filter>
    </ClCompile>
    <ClCompile Include="dovah\forms\Voicetype.cpp">
      <Filter>Source Files</Filter>
    </ClCompile>
    <ClCompile Include="dovah\forms\components\bounds.cpp">
      <Filter>Source Files</Filter>
    </ClCompile>
    <ClCompile Include="dovah\forms\components\container.cpp">
      <Filter>Source Files</Filter>
    </ClCompile>
    <ClCompile Include="dovah\forms\components\destruction.cpp">
      <Filter>Source Files</Filter>
    </ClCompile>
    <ClCompile Include="dovah\forms\components\model.cpp">
      <Filter>Source Files</Filter>
    </ClCompile>
    <ClCompile Include="dovah\forms\components\papyrus.cpp">
      <Filter>Source Files</Filter>
    </ClCompile>
    <ClCompile Include="dovah\forms\factories\use_info.cpp">
      <Filter>Source Files</Filter>
    </ClCompile>
    <ClCompile Include="dovah\forms\components\conditions.cpp">
      <Filter>Source Files</Filter>
    </ClCompile>
    <ClCompile Include="dovah\forms\components\conditions\arg_types.cpp">
      <Filter>Source Files</Filter>
    </ClCompile>
    <ClCompile Include="dovah\forms\factories\hardcoded.cpp">
      <Filter>Source Files</Filter>
    </ClCompile>
    <ClCompile Include="dovah\files\threaded_load_order_use_info_builder.cpp">
      <Filter>Source Files</Filter>
    </ClCompile>
    <ClCompile Include="dovah\data\actor_values.cpp">
      <Filter>Source Files</Filter>
    </ClCompile>
    <ClCompile Include="editor\core.cpp">
      <Filter>Source Files</Filter>
    </ClCompile>
    <ClCompile Include="ui\main_window\object_window.cpp">
      <Filter>Source Files</Filter>
    </ClCompile>
    <ClCompile Include="ui\main_window\object_window\basic_form_type_treeview.cpp">
      <Filter>Source Files</Filter>
    </ClCompile>
    <ClCompile Include="ui\generic\QLinedTreeView.cpp">
      <Filter>Source Files</Filter>
    </ClCompile>
    <ClCompile Include="ui\main_window\object_window\form_table.cpp">
      <Filter>Source Files</Filter>
    </ClCompile>
    <ClCompile Include="dovah\forms\components\keyword_list.cpp">
      <Filter>Source Files</Filter>
    </ClCompile>
    <ClCompile Include="ui\form_windows\shout.cpp">
      <Filter>Source Files</Filter>
    </ClCompile>
    <ClCompile Include="ui\generic\FormsOfTypeCombobox.cpp">
      <Filter>Source Files</Filter>
    </ClCompile>
    <ClCompile Include="ui\form_windows\odds_and_ends\shout_word.cpp">
      <Filter>Source Files</Filter>
    </ClCompile>
    <ClCompile Include="dovah\localized_strings.cpp">
      <Filter>Source Files</Filter>
    </ClCompile>
    <ClCompile Include="editor\open_window_for_form.cpp">
      <Filter>Source Files</Filter>
    </ClCompile>
    <ClCompile Include="ui\form_windows\voicetype.cpp">
      <Filter>Source Files</Filter>
    </ClCompile>
    <ClCompile Include="dovah\forms\WordOfPower.cpp">
      <Filter>Source Files</Filter>
    </ClCompile>
    <ClCompile Include="ui\form_windows\word_of_power.cpp">
      <Filter>Source Files</Filter>
    </ClCompile>
    <ClCompile Include="dovah\forms\Color.cpp">
      <Filter>Source Files</Filter>
    </ClCompile>
    <ClCompile Include="ui\form_windows\color.cpp">
      <Filter>Source Files</Filter>
    </ClCompile>
    <ClCompile Include="ui\generic\ColorPickerButton.cpp">
      <Filter>Source Files</Filter>
    </ClCompile>
    <ClCompile Include="ui\main_window\load_window.cpp">
      <Filter>Source Files</Filter>
    </ClCompile>
    <ClCompile Include="ui\main_window\load_window\file_list.cpp">
      <Filter>Source Files</Filter>
    </ClCompile>
    <ClCompile Include="helpers\windows_registry.cpp">
      <Filter>Source Files</Filter>
    </ClCompile>
    <ClCompile Include="editor\core_internals\load_task.cpp">
      <Filter>Source Files</Filter>
    </ClCompile>
    <ClCompile Include="dovah\files\tes_file_reading\localized_string_file.cpp">
      <Filter>Source Files</Filter>
    </ClCompile>
    <ClCompile Include="dovah\files\tes_file_writing\file_writer.cpp">
      <Filter>Source Files</Filter>
    </ClCompile>
    <ClCompile Include="dovah\form_stub_helpers.cpp">
      <Filter>Source Files</Filter>
    </ClCompile>
    <ClCompile Include="ui\main_window\form_use_info.cpp">
      <Filter>Source Files</Filter>
    </ClCompile>
    <ClCompile Include="ui\main_window\form_use_info\use_info_list.cpp">
      <Filter>Source Files</Filter>
    </ClCompile>
    <ClCompile Include="helpers\qt\strings.cpp">
      <Filter>Source Files</Filter>
    </ClCompile>
    <ClCompile Include="dovah\files\tes_file_writing\elements.cpp">
      <Filter>Source Files</Filter>
    </ClCompile>
    <ClCompile Include="helpers\assert.cpp">
      <Filter>Source Files</Filter>
    </ClCompile>
  </ItemGroup>
  <ItemGroup>
    <ClInclude Include="helpers\files.h">
      <Filter>Header Files</Filter>
    </ClInclude>
    <ClInclude Include="helpers\ini.h">
      <Filter>Header Files</Filter>
    </ClInclude>
    <ClInclude Include="helpers\intrusive_windows_defines.h">
      <Filter>Header Files</Filter>
    </ClInclude>
    <ClInclude Include="helpers\memory.h">
      <Filter>Header Files</Filter>
    </ClInclude>
    <ClInclude Include="helpers\type_traits.h">
      <Filter>Header Files</Filter>
    </ClInclude>
    <ClInclude Include="dovah\files\file_load_order.h">
      <Filter>Header Files</Filter>
    </ClInclude>
    <ClInclude Include="dovah\core.h">
      <Filter>Header Files</Filter>
    </ClInclude>
    <ClInclude Include="dovah\files\file_read_error.h">
      <Filter>Header Files</Filter>
    </ClInclude>
    <ClInclude Include="dovah\logging.h">
      <Filter>Header Files</Filter>
    </ClInclude>
    <ClInclude Include="dovah\files\file_header.h">
      <Filter>Header Files</Filter>
    </ClInclude>
    <ClInclude Include="dovah\files\tes_file_reading\elements.h">
      <Filter>Header Files</Filter>
    </ClInclude>
    <ClInclude Include="dovah\files\tes_file_reading\basic_reader.h">
      <Filter>Header Files</Filter>
    </ClInclude>
    <ClInclude Include="dovah\files\tes_file_reading\threads.h">
      <Filter>Header Files</Filter>
    </ClInclude>
    <ClInclude Include="dovah\files\tes_file_reading\file.h">
      <Filter>Header Files</Filter>
    </ClInclude>
    <ClInclude Include="helpers\strings.h">
      <Filter>Header Files</Filter>
    </ClInclude>
    <ClInclude Include="dovah\form_stub.h">
      <Filter>Header Files</Filter>
    </ClInclude>
    <ClInclude Include="helpers\multiheap.h">
      <Filter>Header Files</Filter>
    </ClInclude>
    <ClInclude Include="dovah\form_stub_heap.h">
      <Filter>Header Files</Filter>
    </ClInclude>
    <ClInclude Include="dovah\files\file_load_order_normalizer.h">
      <Filter>Header Files</Filter>
    </ClInclude>
    <ClInclude Include="dovah\forms\form.h">
      <Filter>Header Files</Filter>
    </ClInclude>
    <ClInclude Include="dovah\forms\factories\construct.h">
      <Filter>Header Files</Filter>
    </ClInclude>
    <ClInclude Include="dovah\forms\Activator.h">
      <Filter>Header Files</Filter>
    </ClInclude>
    <ClInclude Include="dovah\forms\ActorBase.h">
      <Filter>Header Files</Filter>
    </ClInclude>
    <ClInclude Include="dovah\forms\Container.h">
      <Filter>Header Files</Filter>
    </ClInclude>
    <ClInclude Include="dovah\forms\FormList.h">
      <Filter>Header Files</Filter>
    </ClInclude>
    <ClInclude Include="dovah\forms\Location.h">
      <Filter>Header Files</Filter>
    </ClInclude>
    <ClInclude Include="dovah\forms\MagicEffect.h">
      <Filter>Header Files</Filter>
    </ClInclude>
    <ClInclude Include="dovah\forms\ObjectReference.h">
      <Filter>Header Files</Filter>
    </ClInclude>
    <ClInclude Include="dovah\forms\Quest.h">
      <Filter>Header Files</Filter>
    </ClInclude>
    <ClInclude Include="dovah\forms\Shout.h">
      <Filter>Header Files</Filter>
    </ClInclude>
    <ClInclude Include="dovah\forms\TopicInfo.h">
      <Filter>Header Files</Filter>
    </ClInclude>
    <ClInclude Include="dovah\forms\Voicetype.h">
      <Filter>Header Files</Filter>
    </ClInclude>
    <ClInclude Include="dovah\forms\_common.h">
      <Filter>Header Files</Filter>
    </ClInclude>
    <ClInclude Include="dovah\forms\components\bounds.h">
      <Filter>Header Files</Filter>
    </ClInclude>
    <ClInclude Include="dovah\forms\components\container.h">
      <Filter>Header Files</Filter>
    </ClInclude>
    <ClInclude Include="dovah\forms\components\destruction.h">
      <Filter>Header Files</Filter>
    </ClInclude>
    <ClInclude Include="dovah\forms\components\model.h">
      <Filter>Header Files</Filter>
    </ClInclude>
    <ClInclude Include="dovah\forms\components\papyrus.h">
      <Filter>Header Files</Filter>
    </ClInclude>
    <ClInclude Include="helpers\vector3.h">
      <Filter>Header Files</Filter>
    </ClInclude>
    <ClInclude Include="dovah\forms\_common_cpp.h">
      <Filter>Header Files</Filter>
    </ClInclude>
    <ClInclude Include="dovah\forms\factories\use_info.h">
      <Filter>Header Files</Filter>
    </ClInclude>
    <ClInclude Include="dovah\localized_strings.h">
      <Filter>Header Files</Filter>
    </ClInclude>
    <ClInclude Include="dovah\forms\components\conditions.h">
      <Filter>Header Files</Filter>
    </ClInclude>
    <ClInclude Include="dovah\forms\components\conditions\arg_types.h">
      <Filter>Header Files</Filter>
    </ClInclude>
    <ClInclude Include="dovah\forms\components\conditions\arg_value.h">
      <Filter>Header Files</Filter>
    </ClInclude>
    <ClInclude Include="helpers\bitwise.h">
      <Filter>Header Files</Filter>
    </ClInclude>
    <ClInclude Include="helpers\bitset.h">
      <Filter>Header Files</Filter>
    </ClInclude>
    <ClInclude Include="helpers\miscellaneous.h">
      <Filter>Header Files</Filter>
    </ClInclude>
    <ClInclude Include="dovah\forms\factories\hardcoded.h">
      <Filter>Header Files</Filter>
    </ClInclude>
    <ClInclude Include="dovah\files\threaded_load_order_use_info_builder.h">
      <Filter>Header Files</Filter>
    </ClInclude>
    <ClInclude Include="dovah\data\actor_values.h">
      <Filter>Header Files</Filter>
    </ClInclude>
    <ClInclude Include="resource.h">
      <Filter>Header Files</Filter>
    </ClInclude>
    <ClInclude Include="dovah\forms\components\keyword_list.h">
      <Filter>Header Files</Filter>
    </ClInclude>
    <ClInclude Include="editor\open_window_for_form.h">
      <Filter>Header Files</Filter>
    </ClInclude>
    <ClInclude Include="dovah\forms\WordOfPower.h">
      <Filter>Header Files</Filter>
    </ClInclude>
    <ClInclude Include="dovah\forms\Color.h">
      <Filter>Header Files</Filter>
    </ClInclude>
    <ClInclude Include="helpers\windows_registry.h">
      <Filter>Header Files</Filter>
    </ClInclude>
    <ClInclude Include="helpers\performance.h">
      <Filter>Header Files</Filter>
    </ClInclude>
    <ClInclude Include="dovah\files\tes_file_reading\localized_string_file.h">
      <Filter>Header Files</Filter>
    </ClInclude>
    <ClInclude Include="dovah\files\tes_file_writing\elements.h">
      <Filter>Header Files</Filter>
    </ClInclude>
    <ClInclude Include="dovah\files\common.h">
      <Filter>Header Files</Filter>
    </ClInclude>
    <ClInclude Include="dovah\files\tes_file_writing\file_writer.h">
      <Filter>Header Files</Filter>
    </ClInclude>
    <ClInclude Include="dovah\form_stub_helpers.h">
      <Filter>Header Files</Filter>
    </ClInclude>
    <ClInclude Include="helpers\qt\strings.h">
      <Filter>Header Files</Filter>
    </ClInclude>
    <ClInclude Include="helpers\int24_t.h">
      <Filter>Header Files</Filter>
    </ClInclude>
    <ClInclude Include="helpers\assert.h">
      <Filter>Header Files</Filter>
    </ClInclude>
    <ClInclude Include="dovah\files\file_write_error.h">
      <Filter>Header Files</Filter>
    </ClInclude>
  </ItemGroup>
  <ItemGroup>
    <QtUic Include="ui\main_window.ui">
      <Filter>Form Files</Filter>
    </QtUic>
    <QtUic Include="ui\main_window\object_window.ui">
      <Filter>Form Files</Filter>
    </QtUic>
    <QtUic Include="ui\form_windows\shout.ui">
      <Filter>Form Files</Filter>
    </QtUic>
    <QtUic Include="ui\form_windows\odds_and_ends\shout_word.ui">
      <Filter>Form Files</Filter>
    </QtUic>
    <QtUic Include="ui\form_windows\voicetype.ui">
      <Filter>Form Files</Filter>
    </QtUic>
    <QtUic Include="ui\form_windows\word_of_power.ui">
      <Filter>Form Files</Filter>
    </QtUic>
    <QtUic Include="ui\form_windows\color.ui">
      <Filter>Form Files</Filter>
    </QtUic>
    <QtUic Include="ui\main_window\load_window.ui">
      <Filter>Form Files</Filter>
    </QtUic>
    <QtUic Include="ui\main_window\form_use_info.ui">
      <Filter>Form Files</Filter>
    </QtUic>
  </ItemGroup>
  <ItemGroup>
    <QtMoc Include="ui\main_window.h">
      <Filter>Header Files</Filter>
    </QtMoc>
    <QtMoc Include="editor\core.h">
      <Filter>Header Files</Filter>
    </QtMoc>
    <QtMoc Include="ui\main_window\object_window.h">
      <Filter>Header Files</Filter>
    </QtMoc>
    <QtMoc Include="ui\main_window\object_window\basic_form_type_treeview.h">
      <Filter>Header Files</Filter>
    </QtMoc>
    <QtMoc Include="ui\generic\QLinedTreeView.h">
      <Filter>Header Files</Filter>
    </QtMoc>
    <QtMoc Include="ui\main_window\object_window\form_table.h">
      <Filter>Header Files</Filter>
    </QtMoc>
    <QtMoc Include="ui\form_windows\odds_and_ends\shout_word.h">
      <Filter>Header Files</Filter>
    </QtMoc>
    <QtMoc Include="ui\form_windows\shout.h">
      <Filter>Header Files</Filter>
    </QtMoc>
    <QtMoc Include="ui\generic\FormsOfTypeCombobox.h">
      <Filter>Header Files</Filter>
    </QtMoc>
    <QtMoc Include="ui\form_windows\voicetype.h">
      <Filter>Header Files</Filter>
    </QtMoc>
    <QtMoc Include="ui\form_windows\word_of_power.h">
      <Filter>Header Files</Filter>
    </QtMoc>
    <QtMoc Include="ui\form_windows\color.h">
      <Filter>Header Files</Filter>
    </QtMoc>
    <QtMoc Include="ui\generic\ColorPickerButton.h">
      <Filter>Header Files</Filter>
    </QtMoc>
    <QtMoc Include="ui\main_window\load_window.h">
      <Filter>Header Files</Filter>
    </QtMoc>
    <QtMoc Include="ui\main_window\load_window\file_list.h">
      <Filter>Header Files</Filter>
    </QtMoc>
    <QtMoc Include="editor\core_internals\load_task.h">
      <Filter>Header Files</Filter>
    </QtMoc>
    <QtMoc Include="ui\main_window\form_use_info.h">
      <Filter>Header Files</Filter>
    </QtMoc>
    <QtMoc Include="ui\main_window\form_use_info\use_info_list.h">
      <Filter>Header Files</Filter>
    </QtMoc>
  </ItemGroup>
  <ItemGroup>
    <ResourceCompile Include="DovahKit.rc">
      <Filter>Resource Files</Filter>
    </ResourceCompile>
  </ItemGroup>
  <ItemGroup>
    <QtRcc Include="ui\resources\resources.qrc" />
  </ItemGroup>
  <ItemGroup>
    <Text Include="dovah\_docs\basics.txt" />
    <Text Include="dovah\_docs\reading files.txt" />
  </ItemGroup>
</Project>