<?xml version="1.0" encoding="utf-8"?>
<Project ToolsVersion="4.0" xmlns="http://schemas.microsoft.com/developer/msbuild/2003">
  <ItemGroup>
    <Filter Include="Source Files">
      <UniqueIdentifier>{4FC737F1-C7A5-4376-A066-2A32D752A2FF}</UniqueIdentifier>
      <Extensions>cpp;c;cc;cxx;def;odl;idl;hpj;bat;asm;asmx</Extensions>
    </Filter>
    <Filter Include="Header Files">
      <UniqueIdentifier>{93995380-89BD-4b04-88EB-625FBE52EBFB}</UniqueIdentifier>
      <Extensions>h;hh;hpp;hxx;hm;inl;inc;xsd</Extensions>
    </Filter>
    <Filter Include="Resource Files">
      <UniqueIdentifier>{67DA6AB6-F800-4c08-8B7A-83BB121AAD01}</UniqueIdentifier>
      <Extensions>rc;ico;cur;bmp;dlg;rc2;rct;bin;rgs;gif;jpg;jpeg;jpe;resx;tiff;tif;png;wav;mfcribbon-ms</Extensions>
    </Filter>
    <Filter Include="Form Files">
      <UniqueIdentifier>{99349809-55BA-4b9d-BF79-8FDBB0286EB3}</UniqueIdentifier>
      <Extensions>ui</Extensions>
    </Filter>
    <Filter Include="Resource Files">
      <UniqueIdentifier>{D9D6E242-F8AF-46E4-B9FD-80ECBC20BA3E}</UniqueIdentifier>
      <Extensions>qrc;*</Extensions>
      <ParseFiles>false</ParseFiles>
    </Filter>
  </ItemGroup>
  <ItemGroup>
    <ClCompile Include="main.cpp">
      <Filter>Source Files</Filter>
    </ClCompile>
    <ClCompile Include="helpers\files.cpp">
      <Filter>Source Files</Filter>
    </ClCompile>
    <ClCompile Include="helpers\ini.cpp">
      <Filter>Source Files</Filter>
    </ClCompile>
    <ClCompile Include="helpers\memory.cpp">
      <Filter>Source Files</Filter>
    </ClCompile>
    <ClCompile Include="ui\main_window.cpp">
      <Filter>Source Files</Filter>
    </ClCompile>
    <ClCompile Include="dovah\logging.cpp">
      <Filter>Source Files</Filter>
    </ClCompile>
    <ClCompile Include="dovah\files\tes_file_reading\elements.cpp">
      <Filter>Source Files</Filter>
    </ClCompile>
    <ClCompile Include="helpers\strings.cpp">
      <Filter>Source Files</Filter>
    </ClCompile>
    <ClCompile Include="dovah\files\tes_file_reading\basic_reader.cpp">
      <Filter>Source Files</Filter>
    </ClCompile>
    <ClCompile Include="dovah\files\tes_file_reading\threads.cpp">
      <Filter>Source Files</Filter>
    </ClCompile>
    <ClCompile Include="dovah\core.cpp">
      <Filter>Source Files</Filter>
    </ClCompile>
    <ClCompile Include="dovah\form_stub.cpp">
      <Filter>Source Files</Filter>
    </ClCompile>
    <ClCompile Include="dovah\files\file_load_order.cpp">
      <Filter>Source Files</Filter>
    </ClCompile>
    <ClCompile Include="dovah\files\file_load_order_normalizer.cpp">
      <Filter>Source Files</Filter>
    </ClCompile>
    <ClCompile Include="dovah\forms\form.cpp">
      <Filter>Source Files</Filter>
    </ClCompile>
    <ClCompile Include="dovah\forms\factories\construct.cpp">
      <Filter>Source Files</Filter>
    </ClCompile>
    <ClCompile Include="dovah\forms\Activator.cpp">
      <Filter>Source Files</Filter>
    </ClCompile>
    <ClCompile Include="dovah\forms\ActorBase.cpp">
      <Filter>Source Files</Filter>
    </ClCompile>
    <ClCompile Include="dovah\forms\Container.cpp">
      <Filter>Source Files</Filter>
    </ClCompile>
    <ClCompile Include="dovah\forms\FormList.cpp">
      <Filter>Source Files</Filter>
    </ClCompile>
    <ClCompile Include="dovah\forms\Location.cpp">
      <Filter>Source Files</Filter>
    </ClCompile>
    <ClCompile Include="dovah\forms\MagicEffect.cpp">
      <Filter>Source Files</Filter>
    </ClCompile>
    <ClCompile Include="dovah\forms\ObjectReference.cpp">
      <Filter>Source Files</Filter>
    </ClCompile>
    <ClCompile Include="dovah\forms\Quest.cpp">
      <Filter>Source Files</Filter>
    </ClCompile>
    <ClCompile Include="dovah\forms\Shout.cpp">
      <Filter>Source Files</Filter>
    </ClCompile>
    <ClCompile Include="dovah\forms\TopicInfo.cpp">
      <Filter>Source Files</Filter>
    </ClCompile>
    <ClCompile Include="dovah\forms\Voicetype.cpp">
      <Filter>Source Files</Filter>
    </ClCompile>
    <ClCompile Include="dovah\forms\components\bounds.cpp">
      <Filter>Source Files</Filter>
    </ClCompile>
    <ClCompile Include="dovah\forms\components\container.cpp">
      <Filter>Source Files</Filter>
    </ClCompile>
    <ClCompile Include="dovah\forms\components\destruction.cpp">
      <Filter>Source Files</Filter>
    </ClCompile>
    <ClCompile Include="dovah\forms\components\model.cpp">
      <Filter>Source Files</Filter>
    </ClCompile>
    <ClCompile Include="dovah\forms\components\papyrus.cpp">
      <Filter>Source Files</Filter>
    </ClCompile>
    <ClCompile Include="dovah\forms\factories\use_info.cpp">
      <Filter>Source Files</Filter>
    </ClCompile>
    <ClCompile Include="dovah\forms\components\conditions.cpp">
      <Filter>Source Files</Filter>
    </ClCompile>
    <ClCompile Include="dovah\forms\factories\hardcoded.cpp">
      <Filter>Source Files</Filter>
    </ClCompile>
    <ClCompile Include="dovah\data\actor_values.cpp">
      <Filter>Source Files</Filter>
    </ClCompile>
    <ClCompile Include="editor\core.cpp">
      <Filter>Source Files</Filter>
    </ClCompile>
    <ClCompile Include="ui\main_window\object_window.cpp">
      <Filter>Source Files</Filter>
    </ClCompile>
    <ClCompile Include="ui\generic\QLinedTreeView.cpp">
      <Filter>Source Files</Filter>
    </ClCompile>
    <ClCompile Include="ui\main_window\object_window\form_table.cpp">
      <Filter>Source Files</Filter>
    </ClCompile>
    <ClCompile Include="dovah\forms\components\keyword_list.cpp">
      <Filter>Source Files</Filter>
    </ClCompile>
    <ClCompile Include="ui\form_windows\shout.cpp">
      <Filter>Source Files</Filter>
    </ClCompile>
    <ClCompile Include="ui\generic\FormsOfTypeCombobox.cpp">
      <Filter>Source Files</Filter>
    </ClCompile>
    <ClCompile Include="ui\form_windows\odds_and_ends\shout_word.cpp">
      <Filter>Source Files</Filter>
    </ClCompile>
    <ClCompile Include="dovah\localized_strings.cpp">
      <Filter>Source Files</Filter>
    </ClCompile>
    <ClCompile Include="editor\open_window_for_form.cpp">
      <Filter>Source Files</Filter>
    </ClCompile>
    <ClCompile Include="ui\form_windows\voicetype.cpp">
      <Filter>Source Files</Filter>
    </ClCompile>
    <ClCompile Include="dovah\forms\WordOfPower.cpp">
      <Filter>Source Files</Filter>
    </ClCompile>
    <ClCompile Include="ui\form_windows\word_of_power.cpp">
      <Filter>Source Files</Filter>
    </ClCompile>
    <ClCompile Include="dovah\forms\Color.cpp">
      <Filter>Source Files</Filter>
    </ClCompile>
    <ClCompile Include="ui\form_windows\color.cpp">
      <Filter>Source Files</Filter>
    </ClCompile>
    <ClCompile Include="ui\generic\ColorPickerButton.cpp">
      <Filter>Source Files</Filter>
    </ClCompile>
    <ClCompile Include="ui\main_window\load_window.cpp">
      <Filter>Source Files</Filter>
    </ClCompile>
    <ClCompile Include="ui\main_window\load_window\file_list.cpp">
      <Filter>Source Files</Filter>
    </ClCompile>
    <ClCompile Include="helpers\windows_registry.cpp">
      <Filter>Source Files</Filter>
    </ClCompile>
    <ClCompile Include="editor\core_internals\load_task.cpp">
      <Filter>Source Files</Filter>
    </ClCompile>
    <ClCompile Include="dovah\files\tes_file_reading\localized_string_file.cpp">
      <Filter>Source Files</Filter>
    </ClCompile>
    <ClCompile Include="dovah\files\tes_file_writing\file_writer.cpp">
      <Filter>Source Files</Filter>
    </ClCompile>
    <ClCompile Include="dovah\form_stub_helpers.cpp">
      <Filter>Source Files</Filter>
    </ClCompile>
    <ClCompile Include="ui\main_window\form_use_info.cpp">
      <Filter>Source Files</Filter>
    </ClCompile>
    <ClCompile Include="ui\main_window\form_use_info\use_info_list.cpp">
      <Filter>Source Files</Filter>
    </ClCompile>
    <ClCompile Include="helpers\qt\strings.cpp">
      <Filter>Source Files</Filter>
    </ClCompile>
    <ClCompile Include="dovah\files\tes_file_writing\elements.cpp">
      <Filter>Source Files</Filter>
    </ClCompile>
    <ClCompile Include="helpers\assert.cpp">
      <Filter>Source Files</Filter>
    </ClCompile>
    <ClCompile Include="ui\main_window\save_window.cpp">
      <Filter>Source Files</Filter>
    </ClCompile>
    <ClCompile Include="helpers\filesystem.cpp">
      <Filter>Source Files</Filter>
    </ClCompile>
    <ClCompile Include="ui\main_window\file_metadata_window.cpp">
      <Filter>Source Files</Filter>
    </ClCompile>
    <ClCompile Include="dovah\files\tes_file_reading\file_header.cpp">
      <Filter>Source Files</Filter>
    </ClCompile>
    <ClCompile Include="ui\form_windows\_base.cpp">
      <Filter>Source Files</Filter>
    </ClCompile>
    <ClCompile Include="dovah\forms\components\interior_lighting.cpp">
      <Filter>Source Files</Filter>
    </ClCompile>
    <ClCompile Include="dovah\forms\structs\color_dword.cpp">
      <Filter>Source Files</Filter>
    </ClCompile>
    <ClCompile Include="dovah\forms\Cell.cpp">
      <Filter>Source Files</Filter>
    </ClCompile>
    <ClCompile Include="dovah\forms\components\extra_data.cpp">
      <Filter>Source Files</Filter>
    </ClCompile>
    <ClCompile Include="dovah\forms\components\extra_data\poison.cpp">
      <Filter>Source Files</Filter>
    </ClCompile>
    <ClCompile Include="dovah\forms\components\extra_data\_factory.cpp">
      <Filter>Source Files</Filter>
    </ClCompile>
    <ClCompile Include="dovah\forms\components\extra_data\alpha_cutoff.cpp">
      <Filter>Source Files</Filter>
    </ClCompile>
    <ClCompile Include="dovah\forms\components\extra_data\linked_ref.cpp">
      <Filter>Source Files</Filter>
    </ClCompile>
    <ClCompile Include="dovah\forms\components\extra_data\lock.cpp">
      <Filter>Source Files</Filter>
    </ClCompile>
    <ClCompile Include="dovah\forms\components\extra_data\ragdoll_data.cpp">
      <Filter>Source Files</Filter>
    </ClCompile>
    <ClCompile Include="dovah\forms\components\extra_data\distant_data.cpp">
      <Filter>Source Files</Filter>
    </ClCompile>
    <ClCompile Include="dovah\forms\components\extra_data\portal_origin_and_destination.cpp">
      <Filter>Source Files</Filter>
    </ClCompile>
    <ClCompile Include="dovah\forms\components\extra_data\activate_parent_data.cpp">
      <Filter>Source Files</Filter>
    </ClCompile>
    <ClCompile Include="dovah\forms\components\extra_data\collision_data.cpp">
      <Filter>Source Files</Filter>
    </ClCompile>
    <ClCompile Include="dovah\forms\components\extra_data\light.cpp">
      <Filter>Source Files</Filter>
    </ClCompile>
    <ClCompile Include="dovah\forms\components\extra_data\patrol_ref_data.cpp">
      <Filter>Source Files</Filter>
    </ClCompile>
    <ClCompile Include="dovah\forms\components\extra_data\rank.cpp">
      <Filter>Source Files</Filter>
    </ClCompile>
    <ClCompile Include="dovah\forms\components\extra_data\map_marker.cpp">
      <Filter>Source Files</Filter>
    </ClCompile>
    <ClCompile Include="dovah\forms\components\extra_data\teleport.cpp">
      <Filter>Source Files</Filter>
    </ClCompile>
    <ClCompile Include="dovah\forms\components\extra_data\leveled_creature_modifier.cpp">
      <Filter>Source Files</Filter>
    </ClCompile>
    <ClCompile Include="dovah\forms\components\extra_data\water_current_zone_data.cpp">
      <Filter>Source Files</Filter>
    </ClCompile>
    <ClCompile Include="dovah\forms\components\extra_data\package_start_location.cpp">
      <Filter>Source Files</Filter>
    </ClCompile>
    <ClCompile Include="dovah\forms\components\extra_data\portal.cpp">
      <Filter>Source Files</Filter>
    </ClCompile>
    <ClCompile Include="dovah\forms\components\extra_data\cell_region_list.cpp">
      <Filter>Source Files</Filter>
    </ClCompile>
    <ClCompile Include="dovah\forms\components\extra_data\primitive.cpp">
      <Filter>Source Files</Filter>
    </ClCompile>
    <ClCompile Include="dovah\forms\components\extra_data\water_data.cpp">
      <Filter>Source Files</Filter>
    </ClCompile>
    <ClCompile Include="dovah\forms\components\extra_data\multibound_bounds.cpp">
      <Filter>Source Files</Filter>
    </ClCompile>
    <ClCompile Include="dovah\forms\components\extra_data\enable_state_parent.cpp">
      <Filter>Source Files</Filter>
    </ClCompile>
    <ClCompile Include="dovah\forms\components\extra_data\occlusion_plane.cpp">
      <Filter>Source Files</Filter>
    </ClCompile>
    <ClCompile Include="dovah\forms\components\extra_data\navmesh_door_portal.cpp">
      <Filter>Source Files</Filter>
    </ClCompile>
    <ClCompile Include="dovah\forms\components\extra_data\health_percent.cpp">
      <Filter>Source Files</Filter>
    </ClCompile>
    <ClCompile Include="dovah\forms\components\extra_data\activate_ref.cpp">
      <Filter>Source Files</Filter>
    </ClCompile>
    <ClCompile Include="dovah\forms\components\extra_data\room_ref_data.cpp">
      <Filter>Source Files</Filter>
    </ClCompile>
    <ClCompile Include="dovah\forms\components\extra_data\reflector_refs.cpp">
      <Filter>Source Files</Filter>
    </ClCompile>
    <ClCompile Include="dovah\forms\components\extra_data\ammo.cpp">
      <Filter>Source Files</Filter>
    </ClCompile>
    <ClCompile Include="dovah\forms\components\extra_data\action.cpp">
      <Filter>Source Files</Filter>
    </ClCompile>
    <ClCompile Include="dovah\forms\components\extra_data\count.cpp">
      <Filter>Source Files</Filter>
    </ClCompile>
    <ClCompile Include="dovah\forms\components\extra_data\lit_water.cpp">
      <Filter>Source Files</Filter>
    </ClCompile>
    <ClCompile Include="dovah\forms\components\extra_data\health.cpp">
      <Filter>Source Files</Filter>
    </ClCompile>
    <ClCompile Include="dovah\forms\components\package_event_dialogue.cpp">
      <Filter>Source Files</Filter>
    </ClCompile>
    <ClCompile Include="dovah\forms\components\extra_data\linked_ref_color.cpp">
      <Filter>Source Files</Filter>
    </ClCompile>
    <ClCompile Include="dovah\forms\components\extra_data\_unknown.cpp">
      <Filter>Source Files</Filter>
    </ClCompile>
    <ClCompile Include="ui\main_window\cell_view.cpp">
      <Filter>Source Files</Filter>
    </ClCompile>
    <ClCompile Include="ui\main_window\cell_view\cell_list.cpp">
      <Filter>Source Files</Filter>
    </ClCompile>
    <ClCompile Include="ui\main_window\cell_view\cell_ref_list.cpp">
      <Filter>Source Files</Filter>
    </ClCompile>
    <ClCompile Include="ui\generic\FormSignatureCombobox.cpp">
      <Filter>Source Files</Filter>
    </ClCompile>
    <ClCompile Include="ui\form_windows\cell.cpp">
      <Filter>Source Files</Filter>
    </ClCompile>
    <ClCompile Include="helpers\qt\vector3.cpp">
      <Filter>Source Files</Filter>
    </ClCompile>
    <ClCompile Include="ui\generic\TESFilePicker.cpp">
      <Filter>Source Files</Filter>
    </ClCompile>
    <ClCompile Include="dovah\forms\Worldspace.cpp">
      <Filter>Source Files</Filter>
    </ClCompile>
    <ClCompile Include="dovah\forms\Faction.cpp">
      <Filter>Source Files</Filter>
    </ClCompile>
    <ClCompile Include="dovah\forms\components\package_location.cpp">
      <Filter>Source Files</Filter>
    </ClCompile>
    <ClCompile Include="editor\helpers\make_editor_id_for_duplicate.cpp">
      <Filter>Source Files</Filter>
    </ClCompile>
    <ClCompile Include="ui\main_window\delete_form_dialog.cpp">
      <Filter>Source Files</Filter>
    </ClCompile>
    <ClCompile Include="ui\generic\DelayedAvailabilityButton.cpp">
      <Filter>Source Files</Filter>
    </ClCompile>
    <ClCompile Include="ui\main_window\delete_form_dialog\delete_form_table.cpp">
      <Filter>Source Files</Filter>
    </ClCompile>
    <ClCompile Include="dovah\bs_hash.cpp">
      <Filter>Source Files</Filter>
    </ClCompile>
    <ClCompile Include="dovah\files\bsa\bsa_archive.cpp">
      <Filter>Source Files</Filter>
    </ClCompile>
    <ClCompile Include="helpers\endianness.cpp">
      <Filter>Source Files</Filter>
    </ClCompile>
    <ClCompile Include="ui\main_window\_debug_hooks\enumerate_bsa_contents.cpp">
      <Filter>Source Files</Filter>
    </ClCompile>
    <ClCompile Include="ui\main_window\_debug_hooks\extract_bsa_file.cpp">
      <Filter>Source Files</Filter>
    </ClCompile>
    <ClCompile Include="dovah\files\bsa\bsa_load_order.cpp">
      <Filter>Source Files</Filter>
    </ClCompile>
    <ClCompile Include="dovah\files\bsa\threads.cpp">
      <Filter>Source Files</Filter>
    </ClCompile>
    <ClCompile Include="helpers\windows_ini.cpp">
      <Filter>Source Files</Filter>
    </ClCompile>
    <ClCompile Include="dovah\utils\get_ini_defined_bsa_list.cpp">
      <Filter>Source Files</Filter>
    </ClCompile>
    <ClCompile Include="ui\main_window\_debug_hooks\lookup_bsa_file_from_bsa_load_order.cpp">
      <Filter>Source Files</Filter>
    </ClCompile>
    <ClCompile Include="helpers\windows_environment.cpp">
      <Filter>Source Files</Filter>
    </ClCompile>
    <ClCompile Include="dovah\localization\localized_string_store.cpp">
      <Filter>Source Files</Filter>
    </ClCompile>
    <ClCompile Include="dovah\utils\get_user_language_name.cpp">
      <Filter>Source Files</Filter>
    </ClCompile>
    <ClCompile Include="dovah\localization\common.cpp">
      <Filter>Source Files</Filter>
    </ClCompile>
    <ClCompile Include="ui\generic\QTextEncodingValidator.cpp">
      <Filter>Source Files</Filter>
    </ClCompile>
    <ClCompile Include="dovah\files\tes_file_writing\config.cpp">
      <Filter>Source Files</Filter>
    </ClCompile>
    <ClCompile Include="ui\main_window\log_window.cpp">
      <Filter>Source Files</Filter>
    </ClCompile>
    <ClCompile Include="ui\main_window\log_window\log_list_view.cpp">
      <Filter>Source Files</Filter>
    </ClCompile>
    <ClCompile Include="dovah\data\game_settings.cpp">
      <Filter>Source Files</Filter>
    </ClCompile>
    <ClCompile Include="ui\main_window\game_setting_window\game_setting_list.cpp">
      <Filter>Source Files</Filter>
    </ClCompile>
    <ClCompile Include="editor\get_game_setting_description.cpp">
      <Filter>Source Files</Filter>
    </ClCompile>
    <ClCompile Include="ui\main_window\game_setting_window.cpp">
      <Filter>Source Files</Filter>
    </ClCompile>
    <ClCompile Include="dovah\forms\DefaultObjectManager.cpp">
      <Filter>Source Files</Filter>
    </ClCompile>
    <ClCompile Include="editor\get_default_object_info.cpp">
      <Filter>Source Files</Filter>
    </ClCompile>
    <ClCompile Include="dovah\data\default_objects.cpp">
      <Filter>Source Files</Filter>
    </ClCompile>
    <ClCompile Include="ui\main_window\default_object_window.cpp">
      <Filter>Source Files</Filter>
    </ClCompile>
    <ClCompile Include="ui\main_window\default_object_window\default_object_list.cpp">
      <Filter>Source Files</Filter>
    </ClCompile>
    <ClCompile Include="ui\main_window\_debug_hooks\list_none_stubs.cpp">
      <Filter>Source Files</Filter>
    </ClCompile>
    <ClCompile Include="dovah\detailed_notice.cpp">
      <Filter>Source Files</Filter>
    </ClCompile>
    <ClCompile Include="dovah\files\tes_file_writing\results.cpp">
      <Filter>Source Files</Filter>
    </ClCompile>
    <ClCompile Include="editor\core_internals\detailed_notice_dispatcher.cpp">
      <Filter>Source Files</Filter>
    </ClCompile>
    <ClCompile Include="dovah\files\tes_file_reading\results.cpp">
      <Filter>Source Files</Filter>
    </ClCompile>
    <ClCompile Include="dovah\files\tes_file_reading\file_loader.cpp">
      <Filter>Source Files</Filter>
    </ClCompile>
    <ClCompile Include="dovah\files\tes_file_reading\file_or_file_part_loader.cpp">
      <Filter>Source Files</Filter>
    </ClCompile>
    <ClCompile Include="dovah\files\tes_file_reading\file_part_loader.cpp">
      <Filter>Source Files</Filter>
    </ClCompile>
    <ClCompile Include="dovah\files\tes_file_reading\file_threaded_part_loader_base.cpp">
      <Filter>Source Files</Filter>
    </ClCompile>
    <ClCompile Include="dovah\files\tes_file_reading\threaded_load_order_use_info_builder.cpp">
      <Filter>Source Files</Filter>
    </ClCompile>
    <ClCompile Include="editor\helpers\warning_or_error_to_string.cpp">
      <Filter>Source Files</Filter>
    </ClCompile>
    <ClCompile Include="ui\main_window\script_window.cpp">
      <Filter>Source Files</Filter>
    </ClCompile>
    <ClCompile Include="editor\scripting\util.cpp">
      <Filter>Source Files</Filter>
    </ClCompile>
    <ClCompile Include="editor\scripting\editor_script_core.cpp">
      <Filter>Source Files</Filter>
    </ClCompile>
    <ClCompile Include="editor\scripting\api\allowed_standard_apis.cpp">
      <Filter>Source Files</Filter>
    </ClCompile>
    <ClCompile Include="editor\scripting\classes.cpp">
      <Filter>Source Files</Filter>
    </ClCompile>
    <ClCompile Include="editor\scripting\wrapper.cpp">
      <Filter>Source Files</Filter>
    </ClCompile>
    <ClCompile Include="editor\scripting\wrappers\form.cpp">
      <Filter>Source Files</Filter>
    </ClCompile>
    <ClCompile Include="editor\scripting\wrappers\_build_metatables.cpp">
      <Filter>Source Files</Filter>
    </ClCompile>
    <ClCompile Include="editor\scripting\wrappers\voicetype.cpp">
      <Filter>Source Files</Filter>
    </ClCompile>
    <ClCompile Include="editor\scripting\wrapper_util.cpp">
      <Filter>Source Files</Filter>
    </ClCompile>
    <ClCompile Include="editor\scripting\classes\benchmark.cpp">
      <Filter>Source Files</Filter>
    </ClCompile>
    <ClCompile Include="editor\scripting\classes\vector3.cpp">
      <Filter>Source Files</Filter>
    </ClCompile>
    <ClCompile Include="editor\scripting\classes\vector2.cpp">
      <Filter>Source Files</Filter>
    </ClCompile>
    <ClCompile Include="helpers\lua\metamethod_names.cpp">
      <Filter>Source Files</Filter>
    </ClCompile>
    <ClCompile Include="helpers\lua\dump.cpp">
      <Filter>Source Files</Filter>
    </ClCompile>
    <ClCompile Include="editor\scripting\wrappers\papyrus\root.cpp">
      <Filter>Source Files</Filter>
    </ClCompile>
    <ClCompile Include="helpers\lua\setfuncs.cpp">
      <Filter>Source Files</Filter>
    </ClCompile>
    <ClCompile Include="editor\scripting\collections.cpp">
      <Filter>Source Files</Filter>
    </ClCompile>
    <ClCompile Include="editor\scripting\wrappers\papyrus\script.cpp">
      <Filter>Source Files</Filter>
    </ClCompile>
    <ClCompile Include="editor\scripting\class_killer.cpp">
      <Filter>Source Files</Filter>
    </ClCompile>
    <ClCompile Include="editor\scripting\api\form_type_values.cpp">
      <Filter>Source Files</Filter>
    </ClCompile>
    <ClCompile Include="editor\scripting\classes\euler.cpp">
      <Filter>Source Files</Filter>
    </ClCompile>
    <ClCompile Include="helpers\rotation.cpp">
      <Filter>Source Files</Filter>
    </ClCompile>
    <ClCompile Include="editor\scripting\classes\matrix3x3.cpp">
      <Filter>Source Files</Filter>
    </ClCompile>
    <ClCompile Include="editor\scripting\classes\quaternion.cpp">
      <Filter>Source Files</Filter>
    </ClCompile>
    <ClCompile Include="editor\scripting\cross_thread_tasks\base.cpp">
      <Filter>Source Files</Filter>
    </ClCompile>
    <ClCompile Include="editor\scripting\cross_thread_tasks\s2m\log_message.cpp">
      <Filter>Source Files</Filter>
    </ClCompile>
    <ClCompile Include="editor\scripting\cross_thread_tasks\s2m\test_call_and_response.cpp">
      <Filter>Source Files</Filter>
    </ClCompile>
    <ClCompile Include="editor\scripting\cross_thread_tasks\s2m\delete_form.cpp">
      <Filter>Source Files</Filter>
    </ClCompile>
    <ClCompile Include="editor\scripting\cross_thread_tasks\m2s\urgent\form_deleted.cpp">
      <Filter>Source Files</Filter>
    </ClCompile>
    <ClCompile Include="editor\scripting\cross_thread_tasks\s2m\renumber_form.cpp">
      <Filter>Source Files</Filter>
    </ClCompile>
    <ClCompile Include="editor\scripting\cross_thread_tasks\s2m\create_form.cpp">
      <Filter>Source Files</Filter>
    </ClCompile>
    <ClCompile Include="editor\scripting\cross_thread_tasks\s2m\duplicate_form.cpp">
      <Filter>Source Files</Filter>
    </ClCompile>
    <ClCompile Include="editor\scripting\wrappers\word_of_power.cpp">
      <Filter>Source Files</Filter>
    </ClCompile>
    <ClCompile Include="editor\scripting\wrappers\shout.cpp">
      <Filter>Source Files</Filter>
    </ClCompile>
    <ClCompile Include="editor\scripting\wrappers\shout\word.cpp">
      <Filter>Source Files</Filter>
    </ClCompile>
    <ClCompile Include="editor\scripting\wrappers\formlist.cpp">
      <Filter>Source Files</Filter>
    </ClCompile>
    <ClCompile Include="ui\form_windows\formlist.cpp">
      <Filter>Source Files</Filter>
    </ClCompile>
    <ClCompile Include="ui\form_windows\odds_and_ends\formlist_listview.cpp">
      <Filter>Source Files</Filter>
    </ClCompile>
    <ClCompile Include="dovah\files\papyrus\compiled_script.cpp">
      <Filter>Source Files</Filter>
    </ClCompile>
    <ClCompile Include="ui\main_window\_debug_hooks\compiled_papyrus_script_tests.cpp">
      <Filter>Source Files</Filter>
    </ClCompile>
    <ClCompile Include="editor\scripting\wrappers\papyrus\property.cpp">
      <Filter>Source Files</Filter>
    </ClCompile>
    <ClCompile Include="ui\form_windows\quest.cpp">
      <Filter>Source Files</Filter>
    </ClCompile>
    <ClCompile Include="ui\form_windows\odds_and_ends\condition_list.cpp">
      <Filter>Source Files</Filter>
    </ClCompile>
    <ClCompile Include="helpers\qt\basic_bindings.cpp">
      <Filter>Source Files</Filter>
    </ClCompile>
    <ClCompile Include="editor\helpers\stringify_condition_argument.cpp">
      <Filter>Source Files</Filter>
    </ClCompile>
    <ClCompile Include="editor\helpers\form_type_name_to_string.cpp">
      <Filter>Source Files</Filter>
    </ClCompile>
    <ClCompile Include="editor\helpers\actor_value_index_to_name.cpp">
      <Filter>Source Files</Filter>
    </ClCompile>
    <ClCompile Include="ui\form_windows\odds_and_ends\condition_edit.cpp">
      <Filter>Source Files</Filter>
    </ClCompile>
    <ClCompile Include="ui\generic\windows\ref_picker_window.cpp">
      <Filter>Source Files</Filter>
    </ClCompile>
    <ClCompile Include="ui\generic\RefPickerButton.cpp">
      <Filter>Source Files</Filter>
    </ClCompile>
    <ClCompile Include="dovah\data\story_manager.cpp">
      <Filter>Source Files</Filter>
    </ClCompile>
    <ClCompile Include="dovah\form_stub_addenda.cpp">
      <Filter>Source Files</Filter>
    </ClCompile>
    <ClCompile Include="ui\main_window\_debug_hooks\debug_target_form.cpp">
      <Filter>Source Files</Filter>
    </ClCompile>
    <ClCompile Include="dovah\data\conditions.cpp">
      <Filter>Source Files</Filter>
    </ClCompile>
    <ClCompile Include="ui\form_windows\odds_and_ends\condition_param.cpp">
      <Filter>Source Files</Filter>
    </ClCompile>
    <ClCompile Include="dovah\forms\Topic.cpp">
      <Filter>Source Files</Filter>
    </ClCompile>
    <ClCompile Include="dovah\forms\DialogueBranch.cpp">
      <Filter>Source Files</Filter>
    </ClCompile>
    <ClCompile Include="editor\get_condition_description.cpp">
      <Filter>Source Files</Filter>
    </ClCompile>
    <ClCompile Include="ui\form_windows\odds_and_ends\quest_tab_stages.cpp">
      <Filter>Source Files</Filter>
    </ClCompile>
    <ClCompile Include="editor\helpers\stringify_conditions.cpp">
      <Filter>Source Files</Filter>
    </ClCompile>
    <ClCompile Include="dovah\form_stub_use_info_builder.cpp">
      <Filter>Source Files</Filter>
    </ClCompile>
    <ClCompile Include="dovah\forms\components\attack_data.cpp">
      <Filter>Source Files</Filter>
    </ClCompile>
    <ClCompile Include="dovah\forms\Note.cpp">
      <Filter>Source Files</Filter>
    </ClCompile>
    <ClCompile Include="ui\main_window\_debug_hooks\debug_target_form_papyrus.cpp">
      <Filter>Source Files</Filter>
    </ClCompile>
    <ClCompile Include="dovah\forms\components\extra_data\_use_info.cpp">
      <Filter>Source Files</Filter>
    </ClCompile>
    <ClCompile Include="ui\generic\QStandardItemModelDKEx.cpp">
      <Filter>Source Files</Filter>
    </ClCompile>
    <ClCompile Include="ui\generic\PapyrusFragmentEditor.cpp">
      <Filter>Source Files</Filter>
    </ClCompile>
    <ClCompile Include="editor\papyrus_dictionary.cpp">
      <Filter>Source Files</Filter>
    </ClCompile>
    <ClCompile Include="ui\generic\QSortFilterProxyModelDKEx.cpp">
      <Filter>Source Files</Filter>
    </ClCompile>
    <ClCompile Include="ui\main_window\object_window\object_window_treeview.cpp">
      <Filter>Source Files</Filter>
    </ClCompile>
    <ClCompile Include="editor\form_data_cache.cpp">
      <Filter>Source Files</Filter>
    </ClCompile>
    <ClCompile Include="editor\form_data_cache_internals\threaded_builder.cpp">
      <Filter>Source Files</Filter>
    </ClCompile>
    <ClCompile Include="ui\form_windows\odds_and_ends\quest_tab_objectives.cpp">
      <Filter>Source Files</Filter>
    </ClCompile>
    <ClCompile Include="ui\generic\QSpinBoxDKEx.cpp">
      <Filter>Source Files</Filter>
    </ClCompile>
    <ClCompile Include="ui\generic\QHeaderViewDKEx.cpp">
      <Filter>Source Files</Filter>
    </ClCompile>
    <ClCompile Include="editor\scripting\wrappers\ui\window.cpp">
      <Filter>Source Files</Filter>
    </ClCompile>
    <ClCompile Include="editor\scripting\cross_thread_tasks\s2m\spawn_window.cpp">
      <Filter>Source Files</Filter>
    </ClCompile>
    <ClCompile Include="editor\scripting\api\namespaces\dovah.cpp">
      <Filter>Source Files</Filter>
    </ClCompile>
    <ClCompile Include="editor\scripting\wrappers\_build_singletons.cpp">
      <Filter>Source Files</Filter>
    </ClCompile>
    <ClCompile Include="editor\scripting\wrappers\ui\widget.cpp">
      <Filter>Source Files</Filter>
    </ClCompile>
    <ClCompile Include="editor\scripting\wrappers\ui\text.cpp">
      <Filter>Source Files</Filter>
    </ClCompile>
    <ClCompile Include="editor\scripting\wrappers\ui\progress_bar.cpp">
      <Filter>Source Files</Filter>
    </ClCompile>
    <ClCompile Include="editor\scripting\wrappers\ui\button.cpp">
      <Filter>Source Files</Filter>
    </ClCompile>
    <ClCompile Include="helpers\lua\isempty.cpp">
      <Filter>Source Files</Filter>
    </ClCompile>
    <ClCompile Include="helpers\lua\qt_variant.cpp">
      <Filter>Source Files</Filter>
    </ClCompile>
    <ClCompile Include="editor\scripting\wrappers\ui\textbox.cpp">
      <Filter>Source Files</Filter>
    </ClCompile>
    <ClCompile Include="editor\scripting\api\namespaces\ui.cpp">
      <Filter>Source Files</Filter>
    </ClCompile>
    <ClCompile Include="editor\scripting\ui\event.cpp">
      <Filter>Source Files</Filter>
    </ClCompile>
    <ClCompile Include="ui\generic\FormPicker.cpp">
      <Filter>Source Files</Filter>
    </ClCompile>
    <ClCompile Include="ui\generic\impl\FormPickerImpl.cpp">
      <Filter>Source Files</Filter>
    </ClCompile>
    <ClCompile Include="ui\main_window\_debug_hooks\form_picker_debug.cpp">
      <Filter>Source Files</Filter>
    </ClCompile>
    <ClCompile Include="editor\scripting\ui\util\alignment.cpp">
      <Filter>Source Files</Filter>
    </ClCompile>
    <ClCompile Include="ui\main_window\script_window\hyperlink_confirm.cpp">
      <Filter>Source Files</Filter>
    </ClCompile>
    <ClCompile Include="editor\scripting\wrappers\ui\formpicker.cpp">
      <Filter>Source Files</Filter>
    </ClCompile>
    <ClCompile Include="editor\scripting\wrappers\topic_info.cpp">
      <Filter>Source Files</Filter>
    </ClCompile>
    <ClCompile Include="editor\scripting\wrappers\topic_info\response.cpp">
      <Filter>Source Files</Filter>
    </ClCompile>
    <ClCompile Include="dovah\forms\components\legacy_script.cpp">
      <Filter>Source Files</Filter>
    </ClCompile>
    <ClCompile Include="editor\scripting\wrappers\topic.cpp">
      <Filter>Source Files</Filter>
    </ClCompile>
    <ClCompile Include="editor\scripting\wrappers\quest.cpp">
      <Filter>Source Files</Filter>
    </ClCompile>
    <ClCompile Include="editor\scripting\wrappers\quest\alias.cpp">
      <Filter>Source Files</Filter>
    </ClCompile>
    <ClCompile Include="editor\scripting\wrappers\ui\spinbox.cpp">
      <Filter>Source Files</Filter>
    </ClCompile>
    <ClCompile Include="editor\scripting\wrappers\ui\dropdown.cpp">
      <Filter>Source Files</Filter>
    </ClCompile>
    <ClCompile Include="editor\scripting\ui\util\lua_item_model.cpp">
      <Filter>Source Files</Filter>
    </ClCompile>
    <ClCompile Include="helpers\qt\combobox.cpp">
      <Filter>Source Files</Filter>
    </ClCompile>
    <ClCompile Include="helpers\qt\traversal.cpp">
      <Filter>Source Files</Filter>
    </ClCompile>
  </ItemGroup>
  <ItemGroup>
    <ClInclude Include="helpers\files.h">
      <Filter>Header Files</Filter>
    </ClInclude>
    <ClInclude Include="helpers\ini.h">
      <Filter>Header Files</Filter>
    </ClInclude>
    <ClInclude Include="helpers\intrusive_windows_defines.h">
      <Filter>Header Files</Filter>
    </ClInclude>
    <ClInclude Include="helpers\memory.h">
      <Filter>Header Files</Filter>
    </ClInclude>
    <ClInclude Include="helpers\type_traits.h">
      <Filter>Header Files</Filter>
    </ClInclude>
    <ClInclude Include="dovah\files\file_load_order.h">
      <Filter>Header Files</Filter>
    </ClInclude>
    <ClInclude Include="dovah\core.h">
      <Filter>Header Files</Filter>
    </ClInclude>
    <ClInclude Include="dovah\logging.h">
      <Filter>Header Files</Filter>
    </ClInclude>
    <ClInclude Include="dovah\files\tes_file_reading\elements.h">
      <Filter>Header Files</Filter>
    </ClInclude>
    <ClInclude Include="dovah\files\tes_file_reading\basic_reader.h">
      <Filter>Header Files</Filter>
    </ClInclude>
    <ClInclude Include="dovah\files\tes_file_reading\threads.h">
      <Filter>Header Files</Filter>
    </ClInclude>
    <ClInclude Include="helpers\strings.h">
      <Filter>Header Files</Filter>
    </ClInclude>
    <ClInclude Include="dovah\form_stub.h">
      <Filter>Header Files</Filter>
    </ClInclude>
    <ClInclude Include="helpers\multiheap.h">
      <Filter>Header Files</Filter>
    </ClInclude>
    <ClInclude Include="dovah\form_stub_heap.h">
      <Filter>Header Files</Filter>
    </ClInclude>
    <ClInclude Include="dovah\files\file_load_order_normalizer.h">
      <Filter>Header Files</Filter>
    </ClInclude>
    <ClInclude Include="dovah\forms\form.h">
      <Filter>Header Files</Filter>
    </ClInclude>
    <ClInclude Include="dovah\forms\factories\construct.h">
      <Filter>Header Files</Filter>
    </ClInclude>
    <ClInclude Include="dovah\forms\Activator.h">
      <Filter>Header Files</Filter>
    </ClInclude>
    <ClInclude Include="dovah\forms\ActorBase.h">
      <Filter>Header Files</Filter>
    </ClInclude>
    <ClInclude Include="dovah\forms\Container.h">
      <Filter>Header Files</Filter>
    </ClInclude>
    <ClInclude Include="dovah\forms\FormList.h">
      <Filter>Header Files</Filter>
    </ClInclude>
    <ClInclude Include="dovah\forms\Location.h">
      <Filter>Header Files</Filter>
    </ClInclude>
    <ClInclude Include="dovah\forms\MagicEffect.h">
      <Filter>Header Files</Filter>
    </ClInclude>
    <ClInclude Include="dovah\forms\ObjectReference.h">
      <Filter>Header Files</Filter>
    </ClInclude>
    <ClInclude Include="dovah\forms\Quest.h">
      <Filter>Header Files</Filter>
    </ClInclude>
    <ClInclude Include="dovah\forms\Shout.h">
      <Filter>Header Files</Filter>
    </ClInclude>
    <ClInclude Include="dovah\forms\TopicInfo.h">
      <Filter>Header Files</Filter>
    </ClInclude>
    <ClInclude Include="dovah\forms\Voicetype.h">
      <Filter>Header Files</Filter>
    </ClInclude>
    <ClInclude Include="dovah\forms\_common.h">
      <Filter>Header Files</Filter>
    </ClInclude>
    <ClInclude Include="dovah\forms\components\bounds.h">
      <Filter>Header Files</Filter>
    </ClInclude>
    <ClInclude Include="dovah\forms\components\container.h">
      <Filter>Header Files</Filter>
    </ClInclude>
    <ClInclude Include="dovah\forms\components\destruction.h">
      <Filter>Header Files</Filter>
    </ClInclude>
    <ClInclude Include="dovah\forms\components\model.h">
      <Filter>Header Files</Filter>
    </ClInclude>
    <ClInclude Include="dovah\forms\components\papyrus.h">
      <Filter>Header Files</Filter>
    </ClInclude>
    <ClInclude Include="helpers\vector3.h">
      <Filter>Header Files</Filter>
    </ClInclude>
    <ClInclude Include="dovah\forms\_common_cpp.h">
      <Filter>Header Files</Filter>
    </ClInclude>
    <ClInclude Include="dovah\forms\factories\use_info.h">
      <Filter>Header Files</Filter>
    </ClInclude>
    <ClInclude Include="dovah\localized_strings.h">
      <Filter>Header Files</Filter>
    </ClInclude>
    <ClInclude Include="dovah\forms\components\conditions.h">
      <Filter>Header Files</Filter>
    </ClInclude>
    <ClInclude Include="helpers\bitwise.h">
      <Filter>Header Files</Filter>
    </ClInclude>
    <ClInclude Include="helpers\bitset.h">
      <Filter>Header Files</Filter>
    </ClInclude>
    <ClInclude Include="helpers\miscellaneous.h">
      <Filter>Header Files</Filter>
    </ClInclude>
    <ClInclude Include="dovah\forms\factories\hardcoded.h">
      <Filter>Header Files</Filter>
    </ClInclude>
    <ClInclude Include="dovah\data\actor_values.h">
      <Filter>Header Files</Filter>
    </ClInclude>
    <ClInclude Include="resource.h">
      <Filter>Header Files</Filter>
    </ClInclude>
    <ClInclude Include="dovah\forms\components\keyword_list.h">
      <Filter>Header Files</Filter>
    </ClInclude>
    <ClInclude Include="editor\open_window_for_form.h">
      <Filter>Header Files</Filter>
    </ClInclude>
    <ClInclude Include="dovah\forms\WordOfPower.h">
      <Filter>Header Files</Filter>
    </ClInclude>
    <ClInclude Include="dovah\forms\Color.h">
      <Filter>Header Files</Filter>
    </ClInclude>
    <ClInclude Include="helpers\windows_registry.h">
      <Filter>Header Files</Filter>
    </ClInclude>
    <ClInclude Include="helpers\performance.h">
      <Filter>Header Files</Filter>
    </ClInclude>
    <ClInclude Include="dovah\files\tes_file_reading\localized_string_file.h">
      <Filter>Header Files</Filter>
    </ClInclude>
    <ClInclude Include="dovah\files\tes_file_writing\elements.h">
      <Filter>Header Files</Filter>
    </ClInclude>
    <ClInclude Include="dovah\files\common.h">
      <Filter>Header Files</Filter>
    </ClInclude>
    <ClInclude Include="dovah\files\tes_file_writing\file_writer.h">
      <Filter>Header Files</Filter>
    </ClInclude>
    <ClInclude Include="dovah\form_stub_helpers.h">
      <Filter>Header Files</Filter>
    </ClInclude>
    <ClInclude Include="helpers\qt\strings.h">
      <Filter>Header Files</Filter>
    </ClInclude>
    <ClInclude Include="helpers\int24_t.h">
      <Filter>Header Files</Filter>
    </ClInclude>
    <ClInclude Include="helpers\assert.h">
      <Filter>Header Files</Filter>
    </ClInclude>
    <ClInclude Include="helpers\filesystem.h">
      <Filter>Header Files</Filter>
    </ClInclude>
    <ClInclude Include="dovah\files\tes_file_reading\file_header.h">
      <Filter>Header Files</Filter>
    </ClInclude>
    <ClInclude Include="dovah\files\file_header.h">
      <Filter>Header Files</Filter>
    </ClInclude>
    <ClInclude Include="ui\form_windows\_base_cpp.h">
      <Filter>Header Files</Filter>
    </ClInclude>
    <ClInclude Include="dovah\forms\components\interior_lighting.h">
      <Filter>Header Files</Filter>
    </ClInclude>
    <ClInclude Include="dovah\forms\structs\color_dword.h">
      <Filter>Header Files</Filter>
    </ClInclude>
    <ClInclude Include="dovah\forms\Cell.h">
      <Filter>Header Files</Filter>
    </ClInclude>
    <ClInclude Include="dovah\forms\components\extra_data.h">
      <Filter>Header Files</Filter>
    </ClInclude>
    <ClInclude Include="dovah\forms\components\extra_data\poison.h">
      <Filter>Header Files</Filter>
    </ClInclude>
    <ClInclude Include="dovah\forms\components\extra_data\radius.h">
      <Filter>Header Files</Filter>
    </ClInclude>
    <ClInclude Include="dovah\forms\components\extra_data\favor_cost.h">
      <Filter>Header Files</Filter>
    </ClInclude>
    <ClInclude Include="dovah\forms\components\extra_data\charge.h">
      <Filter>Header Files</Filter>
    </ClInclude>
    <ClInclude Include="dovah\forms\components\extra_data\scale.h">
      <Filter>Header Files</Filter>
    </ClInclude>
    <ClInclude Include="dovah\forms\components\extra_data\global.h">
      <Filter>Header Files</Filter>
    </ClInclude>
    <ClInclude Include="dovah\forms\components\extra_data\teleport_name.h">
      <Filter>Header Files</Filter>
    </ClInclude>
    <ClInclude Include="dovah\forms\components\extra_data\cell_water_type.h">
      <Filter>Header Files</Filter>
    </ClInclude>
    <ClInclude Include="dovah\forms\components\extra_data\ownership.h">
      <Filter>Header Files</Filter>
    </ClInclude>
    <ClInclude Include="dovah\forms\components\extra_data\cell_acoustic_space.h">
      <Filter>Header Files</Filter>
    </ClInclude>
    <ClInclude Include="dovah\forms\components\extra_data\cell_music_override.h">
      <Filter>Header Files</Filter>
    </ClInclude>
    <ClInclude Include="dovah\forms\components\extra_data\location.h">
      <Filter>Header Files</Filter>
    </ClInclude>
    <ClInclude Include="dovah\forms\components\extra_data\encounter_zone.h">
      <Filter>Header Files</Filter>
    </ClInclude>
    <ClInclude Include="dovah\forms\components\extra_data\cell_climate.h">
      <Filter>Header Files</Filter>
    </ClInclude>
    <ClInclude Include="dovah\forms\components\extra_data\cell_imagespace.h">
      <Filter>Header Files</Filter>
    </ClInclude>
    <ClInclude Include="dovah\forms\components\extra_data\_factory.h">
      <Filter>Header Files</Filter>
    </ClInclude>
    <ClInclude Include="dovah\forms\components\extra_data\alpha_cutoff.h">
      <Filter>Header Files</Filter>
    </ClInclude>
    <ClInclude Include="dovah\forms\components\extra_data\linked_ref.h">
      <Filter>Header Files</Filter>
    </ClInclude>
    <ClInclude Include="dovah\forms\components\extra_data\emittance_source.h">
      <Filter>Header Files</Filter>
    </ClInclude>
    <ClInclude Include="dovah\forms\components\extra_data\occlusion_plane_ref_data.h">
      <Filter>Header Files</Filter>
    </ClInclude>
    <ClInclude Include="dovah\forms\components\extra_data\leveled_item_base.h">
      <Filter>Header Files</Filter>
    </ClInclude>
    <ClInclude Include="dovah\forms\components\extra_data\ignored_by_sandbox.h">
      <Filter>Header Files</Filter>
    </ClInclude>
    <ClInclude Include="dovah\forms\components\extra_data\ammo.h">
      <Filter>Header Files</Filter>
    </ClInclude>
    <ClInclude Include="dovah\forms\components\extra_data\lock.h">
      <Filter>Header Files</Filter>
    </ClInclude>
    <ClInclude Include="dovah\forms\components\extra_data\spawn_container.h">
      <Filter>Header Files</Filter>
    </ClInclude>
    <ClInclude Include="dovah\forms\components\extra_data\ragdoll_data.h">
      <Filter>Header Files</Filter>
    </ClInclude>
    <ClInclude Include="dovah\forms\components\extra_data\cell_grass_data.h">
      <Filter>Header Files</Filter>
    </ClInclude>
    <ClInclude Include="dovah\forms\components\extra_data\distant_data.h">
      <Filter>Header Files</Filter>
    </ClInclude>
    <ClInclude Include="dovah\forms\components\extra_data\portal_origin_and_destination.h">
      <Filter>Header Files</Filter>
    </ClInclude>
    <ClInclude Include="dovah\forms\components\extra_data\activate_parent_data.h">
      <Filter>Header Files</Filter>
    </ClInclude>
    <ClInclude Include="dovah\forms\components\extra_data\interior_lock_list.h">
      <Filter>Header Files</Filter>
    </ClInclude>
    <ClInclude Include="dovah\forms\components\extra_data\collision_data.h">
      <Filter>Header Files</Filter>
    </ClInclude>
    <ClInclude Include="dovah\forms\components\extra_data\light.h">
      <Filter>Header Files</Filter>
    </ClInclude>
    <ClInclude Include="dovah\forms\components\extra_data\patrol_ref_data.h">
      <Filter>Header Files</Filter>
    </ClInclude>
    <ClInclude Include="dovah\forms\components\extra_data\rank.h">
      <Filter>Header Files</Filter>
    </ClInclude>
    <ClInclude Include="dovah\forms\components\extra_data\map_marker.h">
      <Filter>Header Files</Filter>
    </ClInclude>
    <ClInclude Include="dovah\forms\components\extra_data\teleport.h">
      <Filter>Header Files</Filter>
    </ClInclude>
    <ClInclude Include="dovah\forms\components\extra_data\leveled_creature_modifier.h">
      <Filter>Header Files</Filter>
    </ClInclude>
    <ClInclude Include="dovah\forms\components\extra_data\water_current_zone_data.h">
      <Filter>Header Files</Filter>
    </ClInclude>
    <ClInclude Include="dovah\forms\components\extra_data\package_start_location.h">
      <Filter>Header Files</Filter>
    </ClInclude>
    <ClInclude Include="dovah\forms\components\extra_data\portal.h">
      <Filter>Header Files</Filter>
    </ClInclude>
    <ClInclude Include="dovah\forms\components\extra_data\water_environment_map.h">
      <Filter>Header Files</Filter>
    </ClInclude>
    <ClInclude Include="dovah\forms\components\extra_data\time_left.h">
      <Filter>Header Files</Filter>
    </ClInclude>
    <ClInclude Include="dovah\forms\components\extra_data\cell_region_list.h">
      <Filter>Header Files</Filter>
    </ClInclude>
    <ClInclude Include="dovah\forms\components\extra_data\primitive.h">
      <Filter>Header Files</Filter>
    </ClInclude>
    <ClInclude Include="dovah\forms\components\extra_data\water_data.h">
      <Filter>Header Files</Filter>
    </ClInclude>
    <ClInclude Include="dovah\forms\components\extra_data\multibound_bounds.h">
      <Filter>Header Files</Filter>
    </ClInclude>
    <ClInclude Include="dovah\forms\components\extra_data\enable_state_parent.h">
      <Filter>Header Files</Filter>
    </ClInclude>
    <ClInclude Include="dovah\forms\components\extra_data\occlusion_plane.h">
      <Filter>Header Files</Filter>
    </ClInclude>
    <ClInclude Include="dovah\forms\components\extra_data\navmesh_door_portal.h">
      <Filter>Header Files</Filter>
    </ClInclude>
    <ClInclude Include="dovah\forms\components\extra_data\health_percent.h">
      <Filter>Header Files</Filter>
    </ClInclude>
    <ClInclude Include="dovah\forms\components\extra_data\multibound_ref.h">
      <Filter>Header Files</Filter>
    </ClInclude>
    <ClInclude Include="dovah\forms\components\extra_data\activate_ref.h">
      <Filter>Header Files</Filter>
    </ClInclude>
    <ClInclude Include="dovah\forms\components\extra_data\room_ref_data.h">
      <Filter>Header Files</Filter>
    </ClInclude>
    <ClInclude Include="dovah\forms\components\extra_data\horse.h">
      <Filter>Header Files</Filter>
    </ClInclude>
    <ClInclude Include="dovah\forms\components\extra_data\attach_ref.h">
      <Filter>Header Files</Filter>
    </ClInclude>
    <ClInclude Include="dovah\forms\components\extra_data\reflector_refs.h">
      <Filter>Header Files</Filter>
    </ClInclude>
    <ClInclude Include="dovah\forms\components\extra_data\location_ref_type.h">
      <Filter>Header Files</Filter>
    </ClInclude>
    <ClInclude Include="dovah\forms\components\extra_data\action.h">
      <Filter>Header Files</Filter>
    </ClInclude>
    <ClInclude Include="dovah\forms\components\extra_data\count.h">
      <Filter>Header Files</Filter>
    </ClInclude>
    <ClInclude Include="dovah\forms\components\extra_data\headtracking_weight.h">
      <Filter>Header Files</Filter>
    </ClInclude>
    <ClInclude Include="dovah\forms\components\extra_data\lit_water.h">
      <Filter>Header Files</Filter>
    </ClInclude>
    <ClInclude Include="dovah\forms\components\extra_data\health.h">
      <Filter>Header Files</Filter>
    </ClInclude>
    <ClInclude Include="dovah\forms\components\package_event_dialogue.h">
      <Filter>Header Files</Filter>
    </ClInclude>
    <ClInclude Include="dovah\forms\components\extra_data\random_teleport_marker.h">
      <Filter>Header Files</Filter>
    </ClInclude>
    <ClInclude Include="dovah\forms\components\extra_data\merchant_container.h">
      <Filter>Header Files</Filter>
    </ClInclude>
    <ClInclude Include="dovah\forms\components\extra_data\_unknown.h">
      <Filter>Header Files</Filter>
    </ClInclude>
    <ClInclude Include="dovah\forms\components\extra_data\linked_ref_color.h">
      <Filter>Header Files</Filter>
    </ClInclude>
    <ClInclude Include="dovah\forms\Actor.h">
      <Filter>Header Files</Filter>
    </ClInclude>
    <ClInclude Include="dovah\forms\components\extra_data\_templates.h">
      <Filter>Header Files</Filter>
    </ClInclude>
    <ClInclude Include="helpers\qt\spinbox.h">
      <Filter>Header Files</Filter>
    </ClInclude>
    <ClInclude Include="helpers\qt\vector3.h">
      <Filter>Header Files</Filter>
    </ClInclude>
    <ClInclude Include="dovah\forms\Worldspace.h">
      <Filter>Header Files</Filter>
    </ClInclude>
    <ClInclude Include="dovah\forms\Faction.h">
      <Filter>Header Files</Filter>
    </ClInclude>
    <ClInclude Include="dovah\forms\components\package_location.h">
      <Filter>Header Files</Filter>
    </ClInclude>
    <ClInclude Include="dovah\files\tes_file_writing\config.h">
      <Filter>Header Files</Filter>
    </ClInclude>
    <ClInclude Include="helpers\unordered_map.h">
      <Filter>Header Files</Filter>
    </ClInclude>
    <ClInclude Include="editor\helpers\make_editor_id_for_duplicate.h">
      <Filter>Header Files</Filter>
    </ClInclude>
    <ClInclude Include="dovah\files\bsa\bsa_load_order.h">
      <Filter>Header Files</Filter>
    </ClInclude>
    <ClInclude Include="dovah\files\bsa\bsa_archive.h">
      <Filter>Header Files</Filter>
    </ClInclude>
    <ClInclude Include="dovah\bs_hash.h">
      <Filter>Header Files</Filter>
    </ClInclude>
    <ClInclude Include="helpers\endianness.h">
      <Filter>Header Files</Filter>
    </ClInclude>
    <ClInclude Include="dovah\files\bsa\bsa_archived_file.h">
      <Filter>Header Files</Filter>
    </ClInclude>
    <ClInclude Include="ui\main_window\_debug_hooks\enumerate_bsa_contents.h">
      <Filter>Header Files</Filter>
    </ClInclude>
    <ClInclude Include="ui\main_window\_debug_hooks\extract_bsa_file.h">
      <Filter>Header Files</Filter>
    </ClInclude>
    <ClInclude Include="dovah\files\bsa\threads.h">
      <Filter>Header Files</Filter>
    </ClInclude>
    <ClInclude Include="helpers\windows_ini.h">
      <Filter>Header Files</Filter>
    </ClInclude>
    <ClInclude Include="dovah\utils\get_ini_defined_bsa_list.h">
      <Filter>Header Files</Filter>
    </ClInclude>
    <ClInclude Include="ui\main_window\_debug_hooks\lookup_bsa_file_from_bsa_load_order.h">
      <Filter>Header Files</Filter>
    </ClInclude>
    <ClInclude Include="helpers\windows_environment.h">
      <Filter>Header Files</Filter>
    </ClInclude>
    <ClInclude Include="dovah\localization\localized_string_store.h">
      <Filter>Header Files</Filter>
    </ClInclude>
    <ClInclude Include="dovah\utils\get_user_language_name.h">
      <Filter>Header Files</Filter>
    </ClInclude>
    <ClInclude Include="dovah\localization\common.h">
      <Filter>Header Files</Filter>
    </ClInclude>
    <ClInclude Include="dovah\notice_code_t.h">
      <Filter>Header Files</Filter>
    </ClInclude>
    <ClInclude Include="dovah\notice_code_list.h">
      <Filter>Header Files</Filter>
    </ClInclude>
    <ClInclude Include="dovah\data\game_settings.h">
      <Filter>Header Files</Filter>
    </ClInclude>
    <ClInclude Include="editor\get_game_setting_description.h">
      <Filter>Header Files</Filter>
    </ClInclude>
    <ClInclude Include="dovah\forms\DefaultObjectManager.h">
      <Filter>Header Files</Filter>
    </ClInclude>
    <ClInclude Include="editor\get_default_object_info.h">
      <Filter>Header Files</Filter>
    </ClInclude>
    <ClInclude Include="dovah\data\default_objects.h">
      <Filter>Header Files</Filter>
    </ClInclude>
    <ClInclude Include="ui\main_window\_debug_hooks\list_none_stubs.h">
      <Filter>Header Files</Filter>
    </ClInclude>
    <ClInclude Include="dovah\detailed_notice.h">
      <Filter>Header Files</Filter>
    </ClInclude>
    <ClInclude Include="dovah\files\tes_file_writing\results.h">
      <Filter>Header Files</Filter>
    </ClInclude>
    <ClInclude Include="dovah\files\tes_file_reading\results.h">
      <Filter>Header Files</Filter>
    </ClInclude>
    <ClInclude Include="dovah\files\tes_file_reading\file_loader.h">
      <Filter>Header Files</Filter>
    </ClInclude>
    <ClInclude Include="dovah\files\tes_file_reading\file_or_file_part_loader.h">
      <Filter>Header Files</Filter>
    </ClInclude>
    <ClInclude Include="dovah\files\tes_file_reading\file_part_loader.h">
      <Filter>Header Files</Filter>
    </ClInclude>
    <ClInclude Include="dovah\files\tes_file_reading\file_threaded_part_loader_base.h">
      <Filter>Header Files</Filter>
    </ClInclude>
    <ClInclude Include="dovah\files\tes_file_reading\threaded_load_order_use_info_builder.h">
      <Filter>Header Files</Filter>
    </ClInclude>
    <ClInclude Include="editor\helpers\warning_or_error_to_string.h">
      <Filter>Header Files</Filter>
    </ClInclude>
    <ClInclude Include="editor\scripting\util.h">
      <Filter>Header Files</Filter>
    </ClInclude>
    <ClInclude Include="editor\scripting\api\allowed_standard_apis.h">
      <Filter>Header Files</Filter>
    </ClInclude>
    <ClInclude Include="editor\scripting\classes.h">
      <Filter>Header Files</Filter>
    </ClInclude>
    <ClInclude Include="editor\scripting\wrapper.h">
      <Filter>Header Files</Filter>
    </ClInclude>
    <ClInclude Include="editor\scripting\wrappers\form.h">
      <Filter>Header Files</Filter>
    </ClInclude>
    <ClInclude Include="editor\scripting\wrappers\_build_metatables.h">
      <Filter>Header Files</Filter>
    </ClInclude>
    <ClInclude Include="editor\scripting\wrappers\_all.h">
      <Filter>Header Files</Filter>
    </ClInclude>
    <ClInclude Include="helpers\eight_cc.h">
      <Filter>Header Files</Filter>
    </ClInclude>
    <ClInclude Include="editor\scripting\wrappers\voicetype.h">
      <Filter>Header Files</Filter>
    </ClInclude>
    <ClInclude Include="editor\scripting\wrapper_util.h">
      <Filter>Header Files</Filter>
    </ClInclude>
    <ClInclude Include="editor\scripting\wrappers\_all_forms.h">
      <Filter>Header Files</Filter>
    </ClInclude>
    <ClInclude Include="editor\scripting\classes\benchmark.h">
      <Filter>Header Files</Filter>
    </ClInclude>
    <ClInclude Include="editor\scripting\classes\vector3.h">
      <Filter>Header Files</Filter>
    </ClInclude>
    <ClInclude Include="editor\scripting\classes\vector2.h">
      <Filter>Header Files</Filter>
    </ClInclude>
    <ClInclude Include="editor\scripting\classes\_all.h">
      <Filter>Header Files</Filter>
    </ClInclude>
    <ClInclude Include="helpers\lua\metamethod_names.h">
      <Filter>Header Files</Filter>
    </ClInclude>
    <ClInclude Include="helpers\lua\dump.h">
      <Filter>Header Files</Filter>
    </ClInclude>
    <ClInclude Include="editor\scripting\wrappers\papyrus\root.h">
      <Filter>Header Files</Filter>
    </ClInclude>
    <ClInclude Include="helpers\lua\setfuncs.h">
      <Filter>Header Files</Filter>
    </ClInclude>
    <ClInclude Include="editor\scripting\wrappers\papyrus\_all.h">
      <Filter>Header Files</Filter>
    </ClInclude>
    <ClInclude Include="editor\scripting\collections.h">
      <Filter>Header Files</Filter>
    </ClInclude>
    <ClInclude Include="editor\scripting\wrappers\papyrus\script.h">
      <Filter>Header Files</Filter>
    </ClInclude>
    <ClInclude Include="editor\scripting\class_killer.h">
      <Filter>Header Files</Filter>
    </ClInclude>
    <ClInclude Include="editor\scripting\_docs\zombie wrappers.txt">
      <Filter>Header Files</Filter>
    </ClInclude>
    <ClInclude Include="editor\scripting\api\form_type_values.h">
      <Filter>Header Files</Filter>
    </ClInclude>
    <ClInclude Include="editor\scripting\classes\euler.h">
      <Filter>Header Files</Filter>
    </ClInclude>
    <ClInclude Include="helpers\matrix.h">
      <Filter>Header Files</Filter>
    </ClInclude>
    <ClInclude Include="helpers\rotation.h">
      <Filter>Header Files</Filter>
    </ClInclude>
    <ClInclude Include="editor\scripting\classes\matrix3x3.h">
      <Filter>Header Files</Filter>
    </ClInclude>
    <ClInclude Include="editor\scripting\classes\quaternion.h">
      <Filter>Header Files</Filter>
    </ClInclude>
    <ClInclude Include="helpers\lua\set_top_on_exit.h">
      <Filter>Header Files</Filter>
    </ClInclude>
    <ClInclude Include="editor\scripting\cross_thread_tasks\base.h">
      <Filter>Header Files</Filter>
    </ClInclude>
    <ClInclude Include="editor\scripting\cross_thread_tasks\s2m\log_message.h">
      <Filter>Header Files</Filter>
    </ClInclude>
    <ClInclude Include="editor\scripting\cross_thread_tasks\s2m\test_call_and_response.h">
      <Filter>Header Files</Filter>
    </ClInclude>
    <ClInclude Include="editor\scripting\cross_thread_tasks\s2m\delete_form.h">
      <Filter>Header Files</Filter>
    </ClInclude>
    <ClInclude Include="editor\scripting\cross_thread_tasks\m2s\urgent\form_deleted.h">
      <Filter>Header Files</Filter>
    </ClInclude>
    <ClInclude Include="editor\scripting\cross_thread_tasks\s2m\_all.h">
      <Filter>Header Files</Filter>
    </ClInclude>
    <ClInclude Include="editor\scripting\cross_thread_tasks\m2s\_all.h">
      <Filter>Header Files</Filter>
    </ClInclude>
    <ClInclude Include="editor\scripting\cross_thread_tasks\_all.h">
      <Filter>Header Files</Filter>
    </ClInclude>
    <ClInclude Include="editor\scripting\cross_thread_tasks\generic.h">
      <Filter>Header Files</Filter>
    </ClInclude>
    <ClInclude Include="editor\scripting\cross_thread_tasks\s2m\renumber_form.h">
      <Filter>Header Files</Filter>
    </ClInclude>
    <ClInclude Include="editor\scripting\cross_thread_tasks\s2m\create_form.h">
      <Filter>Header Files</Filter>
    </ClInclude>
    <ClInclude Include="editor\scripting\cross_thread_tasks\s2m\duplicate_form.h">
      <Filter>Header Files</Filter>
    </ClInclude>
    <ClInclude Include="editor\scripting\wrappers\word_of_power.h">
      <Filter>Header Files</Filter>
    </ClInclude>
    <ClInclude Include="editor\scripting\wrappers\shout.h">
      <Filter>Header Files</Filter>
    </ClInclude>
    <ClInclude Include="editor\scripting\wrappers\shout\word.h">
      <Filter>Header Files</Filter>
    </ClInclude>
    <ClInclude Include="editor\scripting\wrappers\formlist.h">
      <Filter>Header Files</Filter>
    </ClInclude>
    <ClInclude Include="dovah\files\papyrus\compiled_script.h">
      <Filter>Header Files</Filter>
    </ClInclude>
    <ClInclude Include="ui\main_window\_debug_hooks\compiled_papyrus_script_tests.h">
      <Filter>Header Files</Filter>
    </ClInclude>
    <ClInclude Include="editor\scripting\wrappers\papyrus\property.h">
      <Filter>Header Files</Filter>
    </ClInclude>
    <ClInclude Include="helpers\qt\basic_bindings.h">
      <Filter>Header Files</Filter>
    </ClInclude>
    <ClInclude Include="helpers\vector.h">
      <Filter>Header Files</Filter>
    </ClInclude>
    <ClInclude Include="editor\helpers\stringify_condition_argument.h">
      <Filter>Header Files</Filter>
    </ClInclude>
    <ClInclude Include="editor\helpers\form_type_name_to_string.h">
      <Filter>Header Files</Filter>
    </ClInclude>
    <ClInclude Include="editor\helpers\actor_value_index_to_name.h">
      <Filter>Header Files</Filter>
    </ClInclude>
    <ClInclude Include="dovah\data\story_manager.h">
      <Filter>Header Files</Filter>
    </ClInclude>
    <ClInclude Include="dovah\form_stub_addenda.h">
      <Filter>Header Files</Filter>
    </ClInclude>
    <ClInclude Include="ui\main_window\_debug_hooks\debug_target_form.h">
      <Filter>Header Files</Filter>
    </ClInclude>
    <ClInclude Include="dovah\forms\Package.h">
      <Filter>Header Files</Filter>
    </ClInclude>
    <ClInclude Include="dovah\data\conditions.h">
      <Filter>Header Files</Filter>
    </ClInclude>
    <ClInclude Include="dovah\forms\Topic.h">
      <Filter>Header Files</Filter>
    </ClInclude>
    <ClInclude Include="dovah\forms\DialogueBranch.h">
      <Filter>Header Files</Filter>
    </ClInclude>
    <ClInclude Include="editor\get_condition_description.h">
      <Filter>Header Files</Filter>
    </ClInclude>
    <ClInclude Include="helpers\geometry.h">
      <Filter>Header Files</Filter>
    </ClInclude>
    <ClInclude Include="helpers\math.h">
      <Filter>Header Files</Filter>
    </ClInclude>
    <ClInclude Include="editor\helpers\stringify_conditions.h">
      <Filter>Header Files</Filter>
    </ClInclude>
    <ClInclude Include="dovah\form_stub_use_info_builder.h">
      <Filter>Header Files</Filter>
    </ClInclude>
    <ClInclude Include="dovah\forms\components\attack_data.h">
      <Filter>Header Files</Filter>
    </ClInclude>
    <ClInclude Include="dovah\utils\loose_enum.h">
      <Filter>Header Files</Filter>
    </ClInclude>
    <ClInclude Include="dovah\forms\Note.h">
      <Filter>Header Files</Filter>
    </ClInclude>
    <ClInclude Include="dovah\forms\impl\component_templates.h">
      <Filter>Header Files</Filter>
    </ClInclude>
    <ClInclude Include="ui\main_window\_debug_hooks\debug_target_form_papyrus.h">
      <Filter>Header Files</Filter>
    </ClInclude>
    <ClInclude Include="dovah\forms\components\extra_data\_use_info.h">
      <Filter>Header Files</Filter>
    </ClInclude>
    <ClInclude Include="ui\generic\QStandardItemModelDKEx.h">
      <Filter>Header Files</Filter>
    </ClInclude>
    <ClInclude Include="editor\form_data_cache_internals\threaded_builder.h">
      <Filter>Header Files</Filter>
    </ClInclude>
    <ClInclude Include="ui\generic\QSpinBoxDKEx.h">
      <Filter>Header Files</Filter>
    </ClInclude>
    <ClInclude Include="ui\generic\QHeaderViewDKEx.h">
      <Filter>Header Files</Filter>
    </ClInclude>
    <ClInclude Include="editor\scripting\wrappers\ui\window.h">
      <Filter>Header Files</Filter>
    </ClInclude>
    <ClInclude Include="editor\scripting\cross_thread_tasks\s2m\spawn_window.h">
      <Filter>Header Files</Filter>
    </ClInclude>
    <ClInclude Include="editor\scripting\wrappers\_all_ui.h">
      <Filter>Header Files</Filter>
    </ClInclude>
    <ClInclude Include="editor\scripting\cross_thread_tasks\s2m\lambda.h">
      <Filter>Header Files</Filter>
    </ClInclude>
    <ClInclude Include="editor\scripting\api\namespaces\dovah.h">
      <Filter>Header Files</Filter>
    </ClInclude>
    <ClInclude Include="editor\scripting\wrappers\_build_singletons.h">
      <Filter>Header Files</Filter>
    </ClInclude>
    <ClInclude Include="editor\scripting\wrappers\ui\widget.h">
      <Filter>Header Files</Filter>
    </ClInclude>
    <ClInclude Include="editor\scripting\wrappers\ui\text.h">
      <Filter>Header Files</Filter>
    </ClInclude>
    <ClInclude Include="editor\scripting\wrappers\ui\progress_bar.h">
      <Filter>Header Files</Filter>
    </ClInclude>
    <ClInclude Include="editor\scripting\wrappers\ui\button.h">
      <Filter>Header Files</Filter>
    </ClInclude>
    <ClInclude Include="helpers\lua\isempty.h">
      <Filter>Header Files</Filter>
    </ClInclude>
    <ClInclude Include="helpers\lua\qt_variant.h">
      <Filter>Header Files</Filter>
    </ClInclude>
    <ClInclude Include="editor\scripting\wrappers\ui\textbox.h">
      <Filter>Header Files</Filter>
    </ClInclude>
    <ClInclude Include="editor\scripting\api\namespaces\ui.h">
      <Filter>Header Files</Filter>
    </ClInclude>
    <ClInclude Include="editor\scripting\ui\event.h">
      <Filter>Header Files</Filter>
    </ClInclude>
    <ClInclude Include="editor\form_stub_meta_type.h">
      <Filter>Header Files</Filter>
    </ClInclude>
    <ClInclude Include="ui\main_window\_debug_hooks\form_picker_debug.h">
      <Filter>Header Files</Filter>
    </ClInclude>
    <ClInclude Include="editor\scripting\ui\util\alignment.h">
      <Filter>Header Files</Filter>
    </ClInclude>
    <ClInclude Include="editor\scripting\wrappers\ui\formpicker.h">
      <Filter>Header Files</Filter>
    </ClInclude>
    <ClInclude Include="editor\scripting\wrappers\topic_info.h">
      <Filter>Header Files</Filter>
    </ClInclude>
    <ClInclude Include="editor\scripting\wrappers\topic_info\response.h">
      <Filter>Header Files</Filter>
    </ClInclude>
    <ClInclude Include="dovah\forms\components\legacy_script.h">
      <Filter>Header Files</Filter>
    </ClInclude>
    <ClInclude Include="editor\scripting\wrappers\topic.h">
      <Filter>Header Files</Filter>
    </ClInclude>
    <ClInclude Include="editor\scripting\wrappers\quest.h">
      <Filter>Header Files</Filter>
    </ClInclude>
    <ClInclude Include="editor\scripting\wrappers\quest\alias.h">
      <Filter>Header Files</Filter>
    </ClInclude>
    <ClInclude Include="editor\scripting\wrappers\ui\spinbox.h">
      <Filter>Header Files</Filter>
    </ClInclude>
    <ClInclude Include="editor\scripting\wrappers\ui\dropdown.h">
      <Filter>Header Files</Filter>
    </ClInclude>
    <ClInclude Include="helpers\qt\combobox.h">
      <Filter>Header Files</Filter>
    </ClInclude>
    <ClInclude Include="helpers\qt\traversal.h">
      <Filter>Header Files</Filter>
    </ClInclude>
    <ClInclude Include="helpers\singleton.h">
      <Filter>Header Files</Filter>
    </ClInclude>
    <ClInclude Include="helpers\lockable_bool.h">
      <Filter>Header Files</Filter>
    </ClInclude>
  </ItemGroup>
  <ItemGroup>
    <QtUic Include="ui\main_window.ui">
      <Filter>Form Files</Filter>
    </QtUic>
    <QtUic Include="ui\main_window\object_window.ui">
      <Filter>Form Files</Filter>
    </QtUic>
    <QtUic Include="ui\form_windows\shout.ui">
      <Filter>Form Files</Filter>
    </QtUic>
    <QtUic Include="ui\form_windows\odds_and_ends\shout_word.ui">
      <Filter>Form Files</Filter>
    </QtUic>
    <QtUic Include="ui\form_windows\voicetype.ui">
      <Filter>Form Files</Filter>
    </QtUic>
    <QtUic Include="ui\form_windows\word_of_power.ui">
      <Filter>Form Files</Filter>
    </QtUic>
    <QtUic Include="ui\form_windows\color.ui">
      <Filter>Form Files</Filter>
    </QtUic>
    <QtUic Include="ui\main_window\load_window.ui">
      <Filter>Form Files</Filter>
    </QtUic>
    <QtUic Include="ui\main_window\form_use_info.ui">
      <Filter>Form Files</Filter>
    </QtUic>
    <QtUic Include="ui\main_window\save_window.ui">
      <Filter>Form Files</Filter>
    </QtUic>
    <QtUic Include="ui\main_window\file_metadata_window.ui">
      <Filter>Form Files</Filter>
    </QtUic>
    <QtUic Include="ui\main_window\cell_view.ui">
      <Filter>Form Files</Filter>
    </QtUic>
    <QtUic Include="ui\form_windows\cell.ui">
      <Filter>Form Files</Filter>
    </QtUic>
    <QtUic Include="ui\form_windows\reference.ui">
      <Filter>Form Files</Filter>
    </QtUic>
    <QtUic Include="ui\generic\TESFilePicker.ui">
      <Filter>Form Files</Filter>
    </QtUic>
    <QtUic Include="ui\main_window\delete_form_dialog.ui">
      <Filter>Form Files</Filter>
    </QtUic>
    <QtUic Include="ui\main_window\log_window.ui">
      <Filter>Form Files</Filter>
    </QtUic>
    <QtUic Include="ui\main_window\game_setting_window.ui">
      <Filter>Form Files</Filter>
    </QtUic>
    <QtUic Include="ui\main_window\default_object_window.ui">
      <Filter>Form Files</Filter>
    </QtUic>
    <QtUic Include="ui\main_window\script_window.ui">
      <Filter>Form Files</Filter>
    </QtUic>
    <QtUic Include="ui\form_windows\formlist.ui">
      <Filter>Form Files</Filter>
    </QtUic>
    <QtUic Include="ui\form_windows\quest.ui">
      <Filter>Form Files</Filter>
    </QtUic>
    <QtUic Include="ui\form_windows\odds_and_ends\condition_list.ui">
      <Filter>Form Files</Filter>
    </QtUic>
    <QtUic Include="ui\form_windows\odds_and_ends\condition_edit.ui">
      <Filter>Form Files</Filter>
    </QtUic>
    <QtUic Include="ui\generic\windows\ref_picker_window.ui">
      <Filter>Form Files</Filter>
    </QtUic>
    <QtUic Include="ui\form_windows\odds_and_ends\quest_tab_stages.ui">
      <Filter>Form Files</Filter>
    </QtUic>
    <QtUic Include="ui\generic\PapyrusFragmentEditor.ui">
      <Filter>Form Files</Filter>
    </QtUic>
    <QtUic Include="ui\form_windows\odds_and_ends\quest_tab_objectives.ui">
      <Filter>Form Files</Filter>
    </QtUic>
    <QtUic Include="ui\form_windows\odds_and_ends\quest_alias_location.ui">
      <Filter>Form Files</Filter>
    </QtUic>
    <QtUic Include="ui\form_windows\odds_and_ends\quest_alias_reference.ui">
      <Filter>Form Files</Filter>
    </QtUic>
    <QtUic Include="ui\form_windows\odds_and_ends\inventory_data.ui">
      <Filter>Form Files</Filter>
    </QtUic>
  </ItemGroup>
  <ItemGroup>
    <QtMoc Include="ui\main_window.h">
      <Filter>Header Files</Filter>
    </QtMoc>
    <QtMoc Include="editor\core.h">
      <Filter>Header Files</Filter>
    </QtMoc>
    <QtMoc Include="ui\main_window\object_window.h">
      <Filter>Header Files</Filter>
    </QtMoc>
    <QtMoc Include="ui\generic\QLinedTreeView.h">
      <Filter>Header Files</Filter>
    </QtMoc>
    <QtMoc Include="ui\main_window\object_window\form_table.h">
      <Filter>Header Files</Filter>
    </QtMoc>
    <QtMoc Include="ui\form_windows\odds_and_ends\shout_word.h">
      <Filter>Header Files</Filter>
    </QtMoc>
    <QtMoc Include="ui\form_windows\shout.h">
      <Filter>Header Files</Filter>
    </QtMoc>
    <QtMoc Include="ui\generic\FormsOfTypeCombobox.h">
      <Filter>Header Files</Filter>
    </QtMoc>
    <QtMoc Include="ui\form_windows\voicetype.h">
      <Filter>Header Files</Filter>
    </QtMoc>
    <QtMoc Include="ui\form_windows\word_of_power.h">
      <Filter>Header Files</Filter>
    </QtMoc>
    <QtMoc Include="ui\form_windows\color.h">
      <Filter>Header Files</Filter>
    </QtMoc>
    <QtMoc Include="ui\generic\ColorPickerButton.h">
      <Filter>Header Files</Filter>
    </QtMoc>
    <QtMoc Include="ui\main_window\load_window.h">
      <Filter>Header Files</Filter>
    </QtMoc>
    <QtMoc Include="ui\main_window\load_window\file_list.h">
      <Filter>Header Files</Filter>
    </QtMoc>
    <QtMoc Include="editor\core_internals\load_task.h">
      <Filter>Header Files</Filter>
    </QtMoc>
    <QtMoc Include="ui\main_window\form_use_info.h">
      <Filter>Header Files</Filter>
    </QtMoc>
    <QtMoc Include="ui\main_window\form_use_info\use_info_list.h">
      <Filter>Header Files</Filter>
    </QtMoc>
    <QtMoc Include="ui\main_window\save_window.h">
      <Filter>Header Files</Filter>
    </QtMoc>
    <QtMoc Include="ui\main_window\file_metadata_window.h">
      <Filter>Header Files</Filter>
    </QtMoc>
    <QtMoc Include="ui\form_windows\_base.h">
      <Filter>Header Files</Filter>
    </QtMoc>
    <QtMoc Include="ui\main_window\cell_view.h">
      <Filter>Header Files</Filter>
    </QtMoc>
    <QtMoc Include="ui\main_window\cell_view\cell_list.h">
      <Filter>Header Files</Filter>
    </QtMoc>
    <QtMoc Include="ui\main_window\cell_view\cell_ref_list.h">
      <Filter>Header Files</Filter>
    </QtMoc>
    <QtMoc Include="ui\generic\FormSignatureCombobox.h">
      <Filter>Header Files</Filter>
    </QtMoc>
    <QtMoc Include="ui\generic\impl\_FormSignatureComboboxProxy.h">
      <Filter>Header Files</Filter>
    </QtMoc>
    <QtMoc Include="ui\generic\impl\_FormsOfTypeComboboxProxy.h">
      <Filter>Header Files</Filter>
    </QtMoc>
    <QtMoc Include="ui\form_windows\cell.h">
      <Filter>Header Files</Filter>
    </QtMoc>
    <QtMoc Include="ui\generic\TESFilePicker.h">
      <Filter>Header Files</Filter>
    </QtMoc>
    <QtMoc Include="ui\main_window\delete_form_dialog.h">
      <Filter>Header Files</Filter>
    </QtMoc>
    <QtMoc Include="ui\generic\DelayedAvailabilityButton.h">
      <Filter>Header Files</Filter>
    </QtMoc>
    <QtMoc Include="ui\main_window\delete_form_dialog\delete_form_table.h">
      <Filter>Header Files</Filter>
    </QtMoc>
    <QtMoc Include="ui\generic\QTextEncodingValidator.h">
      <Filter>Header Files</Filter>
    </QtMoc>
    <QtMoc Include="ui\main_window\log_window.h">
      <Filter>Header Files</Filter>
    </QtMoc>
    <QtMoc Include="ui\main_window\log_window\log_list_view.h">
      <Filter>Header Files</Filter>
    </QtMoc>
    <QtMoc Include="ui\main_window\game_setting_window\game_setting_list.h">
      <Filter>Header Files</Filter>
    </QtMoc>
    <QtMoc Include="ui\main_window\game_setting_window.h">
      <Filter>Header Files</Filter>
    </QtMoc>
    <QtMoc Include="ui\main_window\default_object_window.h">
      <Filter>Header Files</Filter>
    </QtMoc>
    <QtMoc Include="ui\main_window\default_object_window\default_object_list.h">
      <Filter>Header Files</Filter>
    </QtMoc>
    <QtMoc Include="editor\core_internals\detailed_notice_dispatcher.h">
      <Filter>Header Files</Filter>
    </QtMoc>
    <QtMoc Include="ui\main_window\script_window.h">
      <Filter>Header Files</Filter>
    </QtMoc>
    <QtMoc Include="editor\scripting\editor_script_core.h">
      <Filter>Header Files</Filter>
    </QtMoc>
    <QtMoc Include="ui\form_windows\formlist.h">
      <Filter>Header Files</Filter>
    </QtMoc>
    <QtMoc Include="ui\form_windows\odds_and_ends\formlist_listview.h">
      <Filter>Header Files</Filter>
    </QtMoc>
    <QtMoc Include="ui\form_windows\quest.h">
      <Filter>Header Files</Filter>
    </QtMoc>
    <QtMoc Include="ui\form_windows\odds_and_ends\condition_list.h">
      <Filter>Header Files</Filter>
    </QtMoc>
    <QtMoc Include="ui\form_windows\odds_and_ends\condition_edit.h">
      <Filter>Header Files</Filter>
    </QtMoc>
    <QtMoc Include="ui\generic\RefPickerButton.h">
      <Filter>Header Files</Filter>
    </QtMoc>
    <QtMoc Include="ui\generic\windows\ref_picker_window.h">
      <Filter>Header Files</Filter>
    </QtMoc>
    <QtMoc Include="ui\form_windows\odds_and_ends\condition_param.h">
      <Filter>Header Files</Filter>
    </QtMoc>
    <QtMoc Include="ui\form_windows\odds_and_ends\quest_tab_stages.h">
      <Filter>Header Files</Filter>
    </QtMoc>
    <QtMoc Include="ui\generic\PapyrusFragmentEditor.h">
      <Filter>Header Files</Filter>
    </QtMoc>
    <QtMoc Include="editor\papyrus_dictionary.h">
      <Filter>Header Files</Filter>
    </QtMoc>
    <QtMoc Include="ui\generic\QSortFilterProxyModelDKEx.h">
      <Filter>Header Files</Filter>
    </QtMoc>
    <QtMoc Include="ui\main_window\object_window\object_window_treeview.h">
      <Filter>Header Files</Filter>
    </QtMoc>
    <QtMoc Include="editor\form_data_cache.h">
      <Filter>Header Files</Filter>
    </QtMoc>
    <QtMoc Include="ui\form_windows\odds_and_ends\quest_tab_objectives.h">
      <Filter>Header Files</Filter>
    </QtMoc>
    <QtMoc Include="ui\generic\FormPicker.h">
      <Filter>Header Files</Filter>
    </QtMoc>
    <QtMoc Include="ui\generic\impl\FormPickerImpl.h">
      <Filter>Header Files</Filter>
    </QtMoc>
    <QtMoc Include="ui\main_window\script_window\hyperlink_confirm.h">
      <Filter>Header Files</Filter>
    </QtMoc>
    <QtMoc Include="editor\scripting\ui\util\lua_item_model.h">
      <Filter>Header Files</Filter>
    </QtMoc>
  </ItemGroup>
  <ItemGroup>
    <ResourceCompile Include="DovahKit.rc">
      <Filter>Resource Files</Filter>
    </ResourceCompile>
  </ItemGroup>
  <ItemGroup>
    <QtRcc Include="ui\resources\resources.qrc" />
  </ItemGroup>
  <ItemGroup>
    <Text Include="dovah\_docs\basics.txt" />
    <Text Include="dovah\_docs\reading files.txt" />
    <Text Include="dovah\_docs\threading.txt" />
    <Text Include="dovah\_docs\list of SSE CK warnings (non-exhaustive).txt" />
    <Text Include="dovah\_docs\plugin types.txt" />
    <Text Include="dovah\_docs\error code documentation\file_write_error.txt" />
    <Text Include="dovah\_docs\how the game loads forms.txt" />
    <Text Include="dovah\_docs\game settings.txt" />
    <Text Include="dovah\_docs\singleton forms.txt" />
    <Text Include="dovah\_docs\form stubs.txt" />
    <Text Include="editor\scripting\_docs\abstract.txt" />
    <Text Include="editor\scripting\_docs\why wrappers aren%27t nested.txt" />
    <Text Include="editor\scripting\_docs\native classes.txt" />
    <Text Include="editor\scripting\_docs\case studies.txt" />
    <Text Include="dovah\_docs\conditions.txt" />
    <Text Include="dovah\_docs\topic infos%27 placement in topics%27 info lists.txt" />
    <Text Include="dovah\_docs\feature list.txt" />
    <Text Include="dovah\_docs\use info build process.txt" />
    <Text Include="dovah\_docs\engine code transliterations\how the game loads forms - main loader function.txt" />
    <Text Include="dovah\_docs\use info build process - extra data.txt" />
    <Text Include="dovah\_docs\extra data.txt" />
    <Text Include="editor\scripting\_docs\ui.txt" />
    <Text Include="ui\_docs\FormPicker.txt" />
  </ItemGroup>
  <ItemGroup>
    <None Include="dovah\forms\impl\form_subclass_components.txt">
      <Filter>Header Files</Filter>
    </None>
    <None Include="userdata\scripts\simple\count persistent refs.lua" />
    <None Include="userdata\scripts\simple\dialogue search.lua" />
  </ItemGroup>
</Project>